// !$*UTF8*$!
{
	archiveVersion = 1;
	classes = {
	};
	objectVersion = 50;
	objects = {

/* Begin PBXBuildFile section */
		35129477250BA02D00B7479D /* ConnectionStatusIndicatorView.swift in Sources */ = {isa = PBXBuildFile; fileRef = 35129476250BA02D00B7479D /* ConnectionStatusIndicatorView.swift */; };
		35129479250BF6CB00B7479D /* LoadingOverlay.swift in Sources */ = {isa = PBXBuildFile; fileRef = 35129478250BF6CB00B7479D /* LoadingOverlay.swift */; };
		352174B3251BE1D400AAE095 /* UIImageColors.swift in Sources */ = {isa = PBXBuildFile; fileRef = 352174B2251BE1D400AAE095 /* UIImageColors.swift */; };
		352174B4251BE1D400AAE095 /* UIImageColors.swift in Sources */ = {isa = PBXBuildFile; fileRef = 352174B2251BE1D400AAE095 /* UIImageColors.swift */; };
		352174B7251BE5A700AAE095 /* Album.swift in Sources */ = {isa = PBXBuildFile; fileRef = 357EEA8D2509234300F1DEF7 /* Album.swift */; };
		352174B8251BE5A700AAE095 /* Artist.swift in Sources */ = {isa = PBXBuildFile; fileRef = 357EEA87250909F900F1DEF7 /* Artist.swift */; };
		352174B9251BE5A700AAE095 /* TopList.swift in Sources */ = {isa = PBXBuildFile; fileRef = 357EEA8925090EA200F1DEF7 /* TopList.swift */; };
		352174BA251BE5A700AAE095 /* Track.swift in Sources */ = {isa = PBXBuildFile; fileRef = 357EEA85250909D800F1DEF7 /* Track.swift */; };
		352174BB251BE5A700AAE095 /* Recommendations.swift in Sources */ = {isa = PBXBuildFile; fileRef = 35756CA22507EC7F00DA2C11 /* Recommendations.swift */; };
		352174BC251BE5A700AAE095 /* Support Classes.swift in Sources */ = {isa = PBXBuildFile; fileRef = 357EEA8F2509290C00F1DEF7 /* Support Classes.swift */; };
		352174BD251BE5A700AAE095 /* User.swift in Sources */ = {isa = PBXBuildFile; fileRef = 35756CA42507EF8F00DA2C11 /* User.swift */; };
		352174C1251BE7FC00AAE095 /* Player.swift in Sources */ = {isa = PBXBuildFile; fileRef = 352174C0251BE7FC00AAE095 /* Player.swift */; };
		352174C2251BE7FC00AAE095 /* Player.swift in Sources */ = {isa = PBXBuildFile; fileRef = 352174C0251BE7FC00AAE095 /* Player.swift */; };
		354ABC14251C348E00635D50 /* SpotifyiOS.framework in Frameworks */ = {isa = PBXBuildFile; fileRef = 354ABC13251C348E00635D50 /* SpotifyiOS.framework */; };
		354ABC15251C348E00635D50 /* SpotifyiOS.framework in Frameworks */ = {isa = PBXBuildFile; fileRef = 354ABC13251C348E00635D50 /* SpotifyiOS.framework */; };
		35756CA32507EC7F00DA2C11 /* Recommendations.swift in Sources */ = {isa = PBXBuildFile; fileRef = 35756CA22507EC7F00DA2C11 /* Recommendations.swift */; };
		35756CA52507EF8F00DA2C11 /* User.swift in Sources */ = {isa = PBXBuildFile; fileRef = 35756CA42507EF8F00DA2C11 /* User.swift */; };
		3576D82B250884990063BB8E /* BaseViewController.swift in Sources */ = {isa = PBXBuildFile; fileRef = 3576D82A250884990063BB8E /* BaseViewController.swift */; };
		357EEA842509074500F1DEF7 /* RecommendationsViewController.swift in Sources */ = {isa = PBXBuildFile; fileRef = 357EEA832509074500F1DEF7 /* RecommendationsViewController.swift */; };
		357EEA86250909D800F1DEF7 /* Track.swift in Sources */ = {isa = PBXBuildFile; fileRef = 357EEA85250909D800F1DEF7 /* Track.swift */; };
		357EEA88250909F900F1DEF7 /* Artist.swift in Sources */ = {isa = PBXBuildFile; fileRef = 357EEA87250909F900F1DEF7 /* Artist.swift */; };
		357EEA8A25090EA200F1DEF7 /* TopList.swift in Sources */ = {isa = PBXBuildFile; fileRef = 357EEA8925090EA200F1DEF7 /* TopList.swift */; };
		357EEA8C25091BB500F1DEF7 /* Reachability.swift in Sources */ = {isa = PBXBuildFile; fileRef = 357EEA8B25091BB500F1DEF7 /* Reachability.swift */; };
		357EEA8E2509234300F1DEF7 /* Album.swift in Sources */ = {isa = PBXBuildFile; fileRef = 357EEA8D2509234300F1DEF7 /* Album.swift */; };
		357EEA902509290C00F1DEF7 /* Support Classes.swift in Sources */ = {isa = PBXBuildFile; fileRef = 357EEA8F2509290C00F1DEF7 /* Support Classes.swift */; };
		357EEA922509393B00F1DEF7 /* DisconnectedView.xib in Resources */ = {isa = PBXBuildFile; fileRef = 357EEA912509393B00F1DEF7 /* DisconnectedView.xib */; };
		357EEA9425093A7E00F1DEF7 /* DisconnectedView.swift in Sources */ = {isa = PBXBuildFile; fileRef = 357EEA9325093A7E00F1DEF7 /* DisconnectedView.swift */; };
		357EEA972509B5B100F1DEF7 /* PlaylistViewController.swift in Sources */ = {isa = PBXBuildFile; fileRef = 357EEA962509B5B100F1DEF7 /* PlaylistViewController.swift */; };
		357EEA99250AB56600F1DEF7 /* BaseNavigationController.swift in Sources */ = {isa = PBXBuildFile; fileRef = 357EEA98250AB56600F1DEF7 /* BaseNavigationController.swift */; };
		357EEA9B250AB7FD00F1DEF7 /* AppRemoteViewController.swift in Sources */ = {isa = PBXBuildFile; fileRef = 357EEA9A250AB7FD00F1DEF7 /* AppRemoteViewController.swift */; };
		357EEA9D250AB97600F1DEF7 /* LateralButton.swift in Sources */ = {isa = PBXBuildFile; fileRef = 357EEA9C250AB97600F1DEF7 /* LateralButton.swift */; };
		357FA24F251BD3CE00702498 /* WidgetKit.framework in Frameworks */ = {isa = PBXBuildFile; fileRef = 357FA24E251BD3CE00702498 /* WidgetKit.framework */; };
		357FA251251BD3CE00702498 /* SwiftUI.framework in Frameworks */ = {isa = PBXBuildFile; fileRef = 357FA250251BD3CE00702498 /* SwiftUI.framework */; };
		357FA254251BD3CE00702498 /* songWidget.swift in Sources */ = {isa = PBXBuildFile; fileRef = 357FA253251BD3CE00702498 /* songWidget.swift */; };
		357FA257251BD3D000702498 /* Assets.xcassets in Resources */ = {isa = PBXBuildFile; fileRef = 357FA256251BD3D000702498 /* Assets.xcassets */; };
		357FA259251BD3D000702498 /* songWidget.intentdefinition in Sources */ = {isa = PBXBuildFile; fileRef = 357FA255251BD3CE00702498 /* songWidget.intentdefinition */; };
		357FA25A251BD3D000702498 /* songWidget.intentdefinition in Sources */ = {isa = PBXBuildFile; fileRef = 357FA255251BD3CE00702498 /* songWidget.intentdefinition */; };
		357FA25D251BD3D000702498 /* songWidgetExtension.appex in Embed App Extensions */ = {isa = PBXBuildFile; fileRef = 357FA24C251BD3CE00702498 /* songWidgetExtension.appex */; settings = {ATTRIBUTES = (RemoveHeadersOnCopy, ); }; };
		35F09D4E2508703E00E68251 /* HomeViewController.swift in Sources */ = {isa = PBXBuildFile; fileRef = 35F09D4D2508703E00E68251 /* HomeViewController.swift */; };
		7E47484825052C8B0063F4E8 /* AppDelegate.swift in Sources */ = {isa = PBXBuildFile; fileRef = 7E47484725052C8B0063F4E8 /* AppDelegate.swift */; };
		7E47484A25052C8B0063F4E8 /* SceneDelegate.swift in Sources */ = {isa = PBXBuildFile; fileRef = 7E47484925052C8B0063F4E8 /* SceneDelegate.swift */; };
		7E47484C25052C8B0063F4E8 /* LoginViewController.swift in Sources */ = {isa = PBXBuildFile; fileRef = 7E47484B25052C8B0063F4E8 /* LoginViewController.swift */; };
		7E47484F25052C8B0063F4E8 /* Main.storyboard in Resources */ = {isa = PBXBuildFile; fileRef = 7E47484D25052C8B0063F4E8 /* Main.storyboard */; };
		7E47485125052C930063F4E8 /* Assets.xcassets in Resources */ = {isa = PBXBuildFile; fileRef = 7E47485025052C930063F4E8 /* Assets.xcassets */; };
		7E47485425052C930063F4E8 /* LaunchScreen.storyboard in Resources */ = {isa = PBXBuildFile; fileRef = 7E47485225052C930063F4E8 /* LaunchScreen.storyboard */; };
/* End PBXBuildFile section */

/* Begin PBXContainerItemProxy section */
		357FA25B251BD3D000702498 /* PBXContainerItemProxy */ = {
			isa = PBXContainerItemProxy;
			containerPortal = 7E47483C25052C8B0063F4E8 /* Project object */;
			proxyType = 1;
			remoteGlobalIDString = 357FA24B251BD3CE00702498;
			remoteInfo = songWidgetExtension;
		};
/* End PBXContainerItemProxy section */

/* Begin PBXCopyFilesBuildPhase section */
		357FA261251BD3D000702498 /* Embed App Extensions */ = {
			isa = PBXCopyFilesBuildPhase;
			buildActionMask = 2147483647;
			dstPath = "";
			dstSubfolderSpec = 13;
			files = (
				357FA25D251BD3D000702498 /* songWidgetExtension.appex in Embed App Extensions */,
			);
			name = "Embed App Extensions";
			runOnlyForDeploymentPostprocessing = 0;
		};
/* End PBXCopyFilesBuildPhase section */

/* Begin PBXFileReference section */
		35129476250BA02D00B7479D /* ConnectionStatusIndicatorView.swift */ = {isa = PBXFileReference; fileEncoding = 4; lastKnownFileType = sourcecode.swift; path = ConnectionStatusIndicatorView.swift; sourceTree = "<group>"; };
		35129478250BF6CB00B7479D /* LoadingOverlay.swift */ = {isa = PBXFileReference; lastKnownFileType = sourcecode.swift; path = LoadingOverlay.swift; sourceTree = "<group>"; };
		3521748F251BD8E000AAE095 /* shufflescreen.entitlements */ = {isa = PBXFileReference; lastKnownFileType = text.plist.entitlements; path = shufflescreen.entitlements; sourceTree = "<group>"; };
		352174B2251BE1D400AAE095 /* UIImageColors.swift */ = {isa = PBXFileReference; fileEncoding = 4; lastKnownFileType = sourcecode.swift; path = UIImageColors.swift; sourceTree = "<group>"; };
		352174C0251BE7FC00AAE095 /* Player.swift */ = {isa = PBXFileReference; lastKnownFileType = sourcecode.swift; path = Player.swift; sourceTree = "<group>"; };
		354ABC13251C348E00635D50 /* SpotifyiOS.framework */ = {isa = PBXFileReference; lastKnownFileType = wrapper.framework; path = SpotifyiOS.framework; sourceTree = "<group>"; };
		35756CA22507EC7F00DA2C11 /* Recommendations.swift */ = {isa = PBXFileReference; lastKnownFileType = sourcecode.swift; path = Recommendations.swift; sourceTree = "<group>"; };
		35756CA42507EF8F00DA2C11 /* User.swift */ = {isa = PBXFileReference; lastKnownFileType = sourcecode.swift; path = User.swift; sourceTree = "<group>"; };
		3576D82A250884990063BB8E /* BaseViewController.swift */ = {isa = PBXFileReference; lastKnownFileType = sourcecode.swift; path = BaseViewController.swift; sourceTree = "<group>"; };
		357EEA832509074500F1DEF7 /* RecommendationsViewController.swift */ = {isa = PBXFileReference; lastKnownFileType = sourcecode.swift; path = RecommendationsViewController.swift; sourceTree = "<group>"; };
		357EEA85250909D800F1DEF7 /* Track.swift */ = {isa = PBXFileReference; lastKnownFileType = sourcecode.swift; path = Track.swift; sourceTree = "<group>"; };
		357EEA87250909F900F1DEF7 /* Artist.swift */ = {isa = PBXFileReference; lastKnownFileType = sourcecode.swift; path = Artist.swift; sourceTree = "<group>"; };
		357EEA8925090EA200F1DEF7 /* TopList.swift */ = {isa = PBXFileReference; lastKnownFileType = sourcecode.swift; path = TopList.swift; sourceTree = "<group>"; };
		357EEA8B25091BB500F1DEF7 /* Reachability.swift */ = {isa = PBXFileReference; lastKnownFileType = sourcecode.swift; path = Reachability.swift; sourceTree = "<group>"; };
		357EEA8D2509234300F1DEF7 /* Album.swift */ = {isa = PBXFileReference; lastKnownFileType = sourcecode.swift; path = Album.swift; sourceTree = "<group>"; };
		357EEA8F2509290C00F1DEF7 /* Support Classes.swift */ = {isa = PBXFileReference; lastKnownFileType = sourcecode.swift; path = "Support Classes.swift"; sourceTree = "<group>"; };
		357EEA912509393B00F1DEF7 /* DisconnectedView.xib */ = {isa = PBXFileReference; lastKnownFileType = file.xib; path = DisconnectedView.xib; sourceTree = "<group>"; };
		357EEA9325093A7E00F1DEF7 /* DisconnectedView.swift */ = {isa = PBXFileReference; lastKnownFileType = sourcecode.swift; path = DisconnectedView.swift; sourceTree = "<group>"; };
		357EEA962509B5B100F1DEF7 /* PlaylistViewController.swift */ = {isa = PBXFileReference; lastKnownFileType = sourcecode.swift; path = PlaylistViewController.swift; sourceTree = "<group>"; };
		357EEA98250AB56600F1DEF7 /* BaseNavigationController.swift */ = {isa = PBXFileReference; lastKnownFileType = sourcecode.swift; path = BaseNavigationController.swift; sourceTree = "<group>"; };
		357EEA9A250AB7FD00F1DEF7 /* AppRemoteViewController.swift */ = {isa = PBXFileReference; lastKnownFileType = sourcecode.swift; path = AppRemoteViewController.swift; sourceTree = "<group>"; };
		357EEA9C250AB97600F1DEF7 /* LateralButton.swift */ = {isa = PBXFileReference; lastKnownFileType = sourcecode.swift; path = LateralButton.swift; sourceTree = "<group>"; };
		357FA24C251BD3CE00702498 /* songWidgetExtension.appex */ = {isa = PBXFileReference; explicitFileType = "wrapper.app-extension"; includeInIndex = 0; path = songWidgetExtension.appex; sourceTree = BUILT_PRODUCTS_DIR; };
		357FA24E251BD3CE00702498 /* WidgetKit.framework */ = {isa = PBXFileReference; lastKnownFileType = wrapper.framework; name = WidgetKit.framework; path = System/Library/Frameworks/WidgetKit.framework; sourceTree = SDKROOT; };
		357FA250251BD3CE00702498 /* SwiftUI.framework */ = {isa = PBXFileReference; lastKnownFileType = wrapper.framework; name = SwiftUI.framework; path = System/Library/Frameworks/SwiftUI.framework; sourceTree = SDKROOT; };
		357FA253251BD3CE00702498 /* songWidget.swift */ = {isa = PBXFileReference; lastKnownFileType = sourcecode.swift; path = songWidget.swift; sourceTree = "<group>"; };
		357FA255251BD3CE00702498 /* songWidget.intentdefinition */ = {isa = PBXFileReference; lastKnownFileType = file.intentdefinition; path = songWidget.intentdefinition; sourceTree = "<group>"; };
		357FA256251BD3D000702498 /* Assets.xcassets */ = {isa = PBXFileReference; lastKnownFileType = folder.assetcatalog; path = Assets.xcassets; sourceTree = "<group>"; };
		357FA258251BD3D000702498 /* Info.plist */ = {isa = PBXFileReference; lastKnownFileType = text.plist.xml; path = Info.plist; sourceTree = "<group>"; };
		35F09D4D2508703E00E68251 /* HomeViewController.swift */ = {isa = PBXFileReference; lastKnownFileType = sourcecode.swift; path = HomeViewController.swift; sourceTree = "<group>"; };
		7E47484425052C8B0063F4E8 /* shufflescreen.app */ = {isa = PBXFileReference; explicitFileType = wrapper.application; includeInIndex = 0; path = shufflescreen.app; sourceTree = BUILT_PRODUCTS_DIR; };
		7E47484725052C8B0063F4E8 /* AppDelegate.swift */ = {isa = PBXFileReference; lastKnownFileType = sourcecode.swift; path = AppDelegate.swift; sourceTree = "<group>"; };
		7E47484925052C8B0063F4E8 /* SceneDelegate.swift */ = {isa = PBXFileReference; lastKnownFileType = sourcecode.swift; path = SceneDelegate.swift; sourceTree = "<group>"; };
		7E47484B25052C8B0063F4E8 /* LoginViewController.swift */ = {isa = PBXFileReference; lastKnownFileType = sourcecode.swift; path = LoginViewController.swift; sourceTree = "<group>"; };
		7E47484E25052C8B0063F4E8 /* Base */ = {isa = PBXFileReference; lastKnownFileType = file.storyboard; name = Base; path = Base.lproj/Main.storyboard; sourceTree = "<group>"; };
		7E47485025052C930063F4E8 /* Assets.xcassets */ = {isa = PBXFileReference; lastKnownFileType = folder.assetcatalog; path = Assets.xcassets; sourceTree = "<group>"; };
		7E47485325052C930063F4E8 /* Base */ = {isa = PBXFileReference; lastKnownFileType = file.storyboard; name = Base; path = Base.lproj/LaunchScreen.storyboard; sourceTree = "<group>"; };
		7E47485525052C930063F4E8 /* Info.plist */ = {isa = PBXFileReference; lastKnownFileType = text.plist.xml; path = Info.plist; sourceTree = "<group>"; };
		7E47485D2505325B0063F4E8 /* shufflescreen-Bridging-Header.h */ = {isa = PBXFileReference; lastKnownFileType = sourcecode.c.h; path = "shufflescreen-Bridging-Header.h"; sourceTree = "<group>"; };
/* End PBXFileReference section */

/* Begin PBXFrameworksBuildPhase section */
		357FA249251BD3CE00702498 /* Frameworks */ = {
			isa = PBXFrameworksBuildPhase;
			buildActionMask = 2147483647;
			files = (
				357FA251251BD3CE00702498 /* SwiftUI.framework in Frameworks */,
				354ABC15251C348E00635D50 /* SpotifyiOS.framework in Frameworks */,
				357FA24F251BD3CE00702498 /* WidgetKit.framework in Frameworks */,
			);
			runOnlyForDeploymentPostprocessing = 0;
		};
		7E47484125052C8B0063F4E8 /* Frameworks */ = {
			isa = PBXFrameworksBuildPhase;
			buildActionMask = 2147483647;
			files = (
				354ABC14251C348E00635D50 /* SpotifyiOS.framework in Frameworks */,
			);
			runOnlyForDeploymentPostprocessing = 0;
		};
/* End PBXFrameworksBuildPhase section */

/* Begin PBXGroup section */
		35756CA62507EFFF00DA2C11 /* Classes */ = {
			isa = PBXGroup;
			children = (
				35756CA22507EC7F00DA2C11 /* Recommendations.swift */,
				357EEA87250909F900F1DEF7 /* Artist.swift */,
				357EEA8925090EA200F1DEF7 /* TopList.swift */,
				357EEA85250909D800F1DEF7 /* Track.swift */,
				357EEA8D2509234300F1DEF7 /* Album.swift */,
				35756CA42507EF8F00DA2C11 /* User.swift */,
				357EEA8F2509290C00F1DEF7 /* Support Classes.swift */,
				352174C0251BE7FC00AAE095 /* Player.swift */,
			);
			path = Classes;
			sourceTree = "<group>";
		};
		357EEA9525093B2A00F1DEF7 /* Views */ = {
			isa = PBXGroup;
			children = (
				357EEA912509393B00F1DEF7 /* DisconnectedView.xib */,
				357EEA9325093A7E00F1DEF7 /* DisconnectedView.swift */,
				357EEA9C250AB97600F1DEF7 /* LateralButton.swift */,
				35129476250BA02D00B7479D /* ConnectionStatusIndicatorView.swift */,
				35129478250BF6CB00B7479D /* LoadingOverlay.swift */,
			);
			path = Views;
			sourceTree = "<group>";
		};
		357FA24D251BD3CE00702498 /* Frameworks */ = {
			isa = PBXGroup;
			children = (
				354ABC13251C348E00635D50 /* SpotifyiOS.framework */,
				357FA24E251BD3CE00702498 /* WidgetKit.framework */,
				357FA250251BD3CE00702498 /* SwiftUI.framework */,
			);
			name = Frameworks;
			sourceTree = "<group>";
		};
		357FA252251BD3CE00702498 /* SongWidget */ = {
			isa = PBXGroup;
			children = (
				357FA253251BD3CE00702498 /* songWidget.swift */,
				357FA255251BD3CE00702498 /* songWidget.intentdefinition */,
				357FA256251BD3D000702498 /* Assets.xcassets */,
				357FA258251BD3D000702498 /* Info.plist */,
			);
			path = SongWidget;
			sourceTree = "<group>";
		};
		35F09D4F2508726400E68251 /* ViewControllers */ = {
			isa = PBXGroup;
			children = (
				357EEA98250AB56600F1DEF7 /* BaseNavigationController.swift */,
				3576D82A250884990063BB8E /* BaseViewController.swift */,
				35F09D4D2508703E00E68251 /* HomeViewController.swift */,
				7E47484B25052C8B0063F4E8 /* LoginViewController.swift */,
				357EEA832509074500F1DEF7 /* RecommendationsViewController.swift */,
				357EEA962509B5B100F1DEF7 /* PlaylistViewController.swift */,
				357EEA9A250AB7FD00F1DEF7 /* AppRemoteViewController.swift */,
			);
			path = ViewControllers;
			sourceTree = "<group>";
		};
		7E47483B25052C8B0063F4E8 = {
			isa = PBXGroup;
			children = (
				7E47485D2505325B0063F4E8 /* shufflescreen-Bridging-Header.h */,
				7E47484625052C8B0063F4E8 /* shufflescreen */,
				357FA252251BD3CE00702498 /* SongWidget */,
				357FA24D251BD3CE00702498 /* Frameworks */,
				7E47484525052C8B0063F4E8 /* Products */,
			);
			sourceTree = "<group>";
		};
		7E47484525052C8B0063F4E8 /* Products */ = {
			isa = PBXGroup;
			children = (
				7E47484425052C8B0063F4E8 /* shufflescreen.app */,
				357FA24C251BD3CE00702498 /* songWidgetExtension.appex */,
			);
			name = Products;
			sourceTree = "<group>";
		};
		7E47484625052C8B0063F4E8 /* shufflescreen */ = {
			isa = PBXGroup;
			children = (
				352174B2251BE1D400AAE095 /* UIImageColors.swift */,
				3521748F251BD8E000AAE095 /* shufflescreen.entitlements */,
				7E47484725052C8B0063F4E8 /* AppDelegate.swift */,
				7E47484925052C8B0063F4E8 /* SceneDelegate.swift */,
				357EEA8B25091BB500F1DEF7 /* Reachability.swift */,
				7E47484D25052C8B0063F4E8 /* Main.storyboard */,
				357EEA9525093B2A00F1DEF7 /* Views */,
				35F09D4F2508726400E68251 /* ViewControllers */,
				35756CA62507EFFF00DA2C11 /* Classes */,
				7E47485025052C930063F4E8 /* Assets.xcassets */,
				7E47485225052C930063F4E8 /* LaunchScreen.storyboard */,
				7E47485525052C930063F4E8 /* Info.plist */,
			);
			path = shufflescreen;
			sourceTree = "<group>";
		};
/* End PBXGroup section */

/* Begin PBXNativeTarget section */
		357FA24B251BD3CE00702498 /* songWidgetExtension */ = {
			isa = PBXNativeTarget;
			buildConfigurationList = 357FA25E251BD3D000702498 /* Build configuration list for PBXNativeTarget "songWidgetExtension" */;
			buildPhases = (
				357FA248251BD3CE00702498 /* Sources */,
				357FA249251BD3CE00702498 /* Frameworks */,
				357FA24A251BD3CE00702498 /* Resources */,
			);
			buildRules = (
			);
			dependencies = (
			);
			name = songWidgetExtension;
			productName = songWidgetExtension;
			productReference = 357FA24C251BD3CE00702498 /* songWidgetExtension.appex */;
			productType = "com.apple.product-type.app-extension";
		};
		7E47484325052C8B0063F4E8 /* shufflescreen */ = {
			isa = PBXNativeTarget;
			buildConfigurationList = 7E47485825052C930063F4E8 /* Build configuration list for PBXNativeTarget "shufflescreen" */;
			buildPhases = (
				7E47484025052C8B0063F4E8 /* Sources */,
				7E47484125052C8B0063F4E8 /* Frameworks */,
				7E47484225052C8B0063F4E8 /* Resources */,
				357FA261251BD3D000702498 /* Embed App Extensions */,
			);
			buildRules = (
			);
			dependencies = (
				357FA25C251BD3D000702498 /* PBXTargetDependency */,
			);
			name = shufflescreen;
			productName = shufflescreen;
			productReference = 7E47484425052C8B0063F4E8 /* shufflescreen.app */;
			productType = "com.apple.product-type.application";
		};
/* End PBXNativeTarget section */

/* Begin PBXProject section */
		7E47483C25052C8B0063F4E8 /* Project object */ = {
			isa = PBXProject;
			attributes = {
				LastSwiftUpdateCheck = 1200;
				LastUpgradeCheck = 1170;
				ORGANIZATIONNAME = "Samuel Brasileiro";
				TargetAttributes = {
					357FA24B251BD3CE00702498 = {
						CreatedOnToolsVersion = 12.0;
					};
					7E47484325052C8B0063F4E8 = {
						CreatedOnToolsVersion = 11.7;
					};
				};
			};
			buildConfigurationList = 7E47483F25052C8B0063F4E8 /* Build configuration list for PBXProject "shufflescreen" */;
			compatibilityVersion = "Xcode 9.3";
			developmentRegion = en;
			hasScannedForEncodings = 0;
			knownRegions = (
				en,
				Base,
			);
			mainGroup = 7E47483B25052C8B0063F4E8;
			productRefGroup = 7E47484525052C8B0063F4E8 /* Products */;
			projectDirPath = "";
			projectRoot = "";
			targets = (
				7E47484325052C8B0063F4E8 /* shufflescreen */,
				357FA24B251BD3CE00702498 /* songWidgetExtension */,
			);
		};
/* End PBXProject section */

/* Begin PBXResourcesBuildPhase section */
		357FA24A251BD3CE00702498 /* Resources */ = {
			isa = PBXResourcesBuildPhase;
			buildActionMask = 2147483647;
			files = (
				357FA257251BD3D000702498 /* Assets.xcassets in Resources */,
			);
			runOnlyForDeploymentPostprocessing = 0;
		};
		7E47484225052C8B0063F4E8 /* Resources */ = {
			isa = PBXResourcesBuildPhase;
			buildActionMask = 2147483647;
			files = (
				7E47485425052C930063F4E8 /* LaunchScreen.storyboard in Resources */,
				7E47485125052C930063F4E8 /* Assets.xcassets in Resources */,
				7E47484F25052C8B0063F4E8 /* Main.storyboard in Resources */,
				357EEA922509393B00F1DEF7 /* DisconnectedView.xib in Resources */,
			);
			runOnlyForDeploymentPostprocessing = 0;
		};
/* End PBXResourcesBuildPhase section */

/* Begin PBXSourcesBuildPhase section */
		357FA248251BD3CE00702498 /* Sources */ = {
			isa = PBXSourcesBuildPhase;
			buildActionMask = 2147483647;
			files = (
				352174C2251BE7FC00AAE095 /* Player.swift in Sources */,
				352174BB251BE5A700AAE095 /* Recommendations.swift in Sources */,
				352174BC251BE5A700AAE095 /* Support Classes.swift in Sources */,
				352174B4251BE1D400AAE095 /* UIImageColors.swift in Sources */,
				357FA254251BD3CE00702498 /* songWidget.swift in Sources */,
				357FA259251BD3D000702498 /* songWidget.intentdefinition in Sources */,
				352174B8251BE5A700AAE095 /* Artist.swift in Sources */,
				352174B7251BE5A700AAE095 /* Album.swift in Sources */,
				352174B9251BE5A700AAE095 /* TopList.swift in Sources */,
				352174BD251BE5A700AAE095 /* User.swift in Sources */,
				352174BA251BE5A700AAE095 /* Track.swift in Sources */,
			);
			runOnlyForDeploymentPostprocessing = 0;
		};
		7E47484025052C8B0063F4E8 /* Sources */ = {
			isa = PBXSourcesBuildPhase;
			buildActionMask = 2147483647;
			files = (
				357EEA8E2509234300F1DEF7 /* Album.swift in Sources */,
				3576D82B250884990063BB8E /* BaseViewController.swift in Sources */,
				7E47484C25052C8B0063F4E8 /* LoginViewController.swift in Sources */,
				357EEA8C25091BB500F1DEF7 /* Reachability.swift in Sources */,
				352174C1251BE7FC00AAE095 /* Player.swift in Sources */,
				7E47484825052C8B0063F4E8 /* AppDelegate.swift in Sources */,
				35F09D4E2508703E00E68251 /* HomeViewController.swift in Sources */,
				35129477250BA02D00B7479D /* ConnectionStatusIndicatorView.swift in Sources */,
				357FA25A251BD3D000702498 /* songWidget.intentdefinition in Sources */,
				35756CA52507EF8F00DA2C11 /* User.swift in Sources */,
				357EEA902509290C00F1DEF7 /* Support Classes.swift in Sources */,
				357EEA9B250AB7FD00F1DEF7 /* AppRemoteViewController.swift in Sources */,
				357EEA972509B5B100F1DEF7 /* PlaylistViewController.swift in Sources */,
				35129479250BF6CB00B7479D /* LoadingOverlay.swift in Sources */,
				357EEA9425093A7E00F1DEF7 /* DisconnectedView.swift in Sources */,
				357EEA86250909D800F1DEF7 /* Track.swift in Sources */,
				352174B3251BE1D400AAE095 /* UIImageColors.swift in Sources */,
				357EEA842509074500F1DEF7 /* RecommendationsViewController.swift in Sources */,
				357EEA8A25090EA200F1DEF7 /* TopList.swift in Sources */,
				35756CA32507EC7F00DA2C11 /* Recommendations.swift in Sources */,
				357EEA99250AB56600F1DEF7 /* BaseNavigationController.swift in Sources */,
				357EEA88250909F900F1DEF7 /* Artist.swift in Sources */,
				7E47484A25052C8B0063F4E8 /* SceneDelegate.swift in Sources */,
				357EEA9D250AB97600F1DEF7 /* LateralButton.swift in Sources */,
			);
			runOnlyForDeploymentPostprocessing = 0;
		};
/* End PBXSourcesBuildPhase section */

/* Begin PBXTargetDependency section */
		357FA25C251BD3D000702498 /* PBXTargetDependency */ = {
			isa = PBXTargetDependency;
			target = 357FA24B251BD3CE00702498 /* songWidgetExtension */;
			targetProxy = 357FA25B251BD3D000702498 /* PBXContainerItemProxy */;
		};
/* End PBXTargetDependency section */

/* Begin PBXVariantGroup section */
		7E47484D25052C8B0063F4E8 /* Main.storyboard */ = {
			isa = PBXVariantGroup;
			children = (
				7E47484E25052C8B0063F4E8 /* Base */,
			);
			name = Main.storyboard;
			sourceTree = "<group>";
		};
		7E47485225052C930063F4E8 /* LaunchScreen.storyboard */ = {
			isa = PBXVariantGroup;
			children = (
				7E47485325052C930063F4E8 /* Base */,
			);
			name = LaunchScreen.storyboard;
			sourceTree = "<group>";
		};
/* End PBXVariantGroup section */

/* Begin XCBuildConfiguration section */
		357FA25F251BD3D000702498 /* Debug */ = {
			isa = XCBuildConfiguration;
			buildSettings = {
				ASSETCATALOG_COMPILER_GLOBAL_ACCENT_COLOR_NAME = AccentColor;
				ASSETCATALOG_COMPILER_WIDGET_BACKGROUND_COLOR_NAME = WidgetBackground;
				CLANG_WARN_QUOTED_INCLUDE_IN_FRAMEWORK_HEADER = YES;
				CODE_SIGN_ENTITLEMENTS = songWidgetExtension.entitlements;
				CODE_SIGN_STYLE = Automatic;
				DEVELOPMENT_TEAM = P63952MS7L;
				FRAMEWORK_SEARCH_PATHS = (
					"$(inherited)",
					"$(PROJECT_DIR)/shufflescreen/Frameworks",
					"$(PROJECT_DIR)",
				);
				INFOPLIST_FILE = songWidget/Info.plist;
				IPHONEOS_DEPLOYMENT_TARGET = 14.0;
				LD_RUNPATH_SEARCH_PATHS = (
					"$(inherited)",
					"@executable_path/Frameworks",
					"@executable_path/../../Frameworks",
				);
				PRODUCT_BUNDLE_IDENTIFIER = samuel.shufflescreen.songWidget;
				PRODUCT_NAME = "$(TARGET_NAME)";
				SKIP_INSTALL = YES;
				SWIFT_VERSION = 5.0;
				TARGETED_DEVICE_FAMILY = "1,2";
			};
			name = Debug;
		};
		357FA260251BD3D000702498 /* Release */ = {
			isa = XCBuildConfiguration;
			buildSettings = {
				ASSETCATALOG_COMPILER_GLOBAL_ACCENT_COLOR_NAME = AccentColor;
				ASSETCATALOG_COMPILER_WIDGET_BACKGROUND_COLOR_NAME = WidgetBackground;
				CLANG_WARN_QUOTED_INCLUDE_IN_FRAMEWORK_HEADER = YES;
				CODE_SIGN_ENTITLEMENTS = songWidgetExtension.entitlements;
				CODE_SIGN_STYLE = Automatic;
				DEVELOPMENT_TEAM = P63952MS7L;
				FRAMEWORK_SEARCH_PATHS = (
					"$(inherited)",
					"$(PROJECT_DIR)/shufflescreen/Frameworks",
					"$(PROJECT_DIR)",
				);
				INFOPLIST_FILE = songWidget/Info.plist;
				IPHONEOS_DEPLOYMENT_TARGET = 14.0;
				LD_RUNPATH_SEARCH_PATHS = (
					"$(inherited)",
					"@executable_path/Frameworks",
					"@executable_path/../../Frameworks",
				);
				PRODUCT_BUNDLE_IDENTIFIER = samuel.shufflescreen.songWidget;
				PRODUCT_NAME = "$(TARGET_NAME)";
				SKIP_INSTALL = YES;
				SWIFT_VERSION = 5.0;
				TARGETED_DEVICE_FAMILY = "1,2";
			};
			name = Release;
		};
		7E47485625052C930063F4E8 /* Debug */ = {
			isa = XCBuildConfiguration;
			buildSettings = {
				ALWAYS_SEARCH_USER_PATHS = NO;
				CLANG_ANALYZER_NONNULL = YES;
				CLANG_ANALYZER_NUMBER_OBJECT_CONVERSION = YES_AGGRESSIVE;
				CLANG_CXX_LANGUAGE_STANDARD = "gnu++14";
				CLANG_CXX_LIBRARY = "libc++";
				CLANG_ENABLE_MODULES = YES;
				CLANG_ENABLE_OBJC_ARC = YES;
				CLANG_ENABLE_OBJC_WEAK = YES;
				CLANG_WARN_BLOCK_CAPTURE_AUTORELEASING = YES;
				CLANG_WARN_BOOL_CONVERSION = YES;
				CLANG_WARN_COMMA = YES;
				CLANG_WARN_CONSTANT_CONVERSION = YES;
				CLANG_WARN_DEPRECATED_OBJC_IMPLEMENTATIONS = YES;
				CLANG_WARN_DIRECT_OBJC_ISA_USAGE = YES_ERROR;
				CLANG_WARN_DOCUMENTATION_COMMENTS = YES;
				CLANG_WARN_EMPTY_BODY = YES;
				CLANG_WARN_ENUM_CONVERSION = YES;
				CLANG_WARN_INFINITE_RECURSION = YES;
				CLANG_WARN_INT_CONVERSION = YES;
				CLANG_WARN_NON_LITERAL_NULL_CONVERSION = YES;
				CLANG_WARN_OBJC_IMPLICIT_RETAIN_SELF = YES;
				CLANG_WARN_OBJC_LITERAL_CONVERSION = YES;
				CLANG_WARN_OBJC_ROOT_CLASS = YES_ERROR;
				CLANG_WARN_RANGE_LOOP_ANALYSIS = YES;
				CLANG_WARN_STRICT_PROTOTYPES = YES;
				CLANG_WARN_SUSPICIOUS_MOVE = YES;
				CLANG_WARN_UNGUARDED_AVAILABILITY = YES_AGGRESSIVE;
				CLANG_WARN_UNREACHABLE_CODE = YES;
				CLANG_WARN__DUPLICATE_METHOD_MATCH = YES;
				COPY_PHASE_STRIP = NO;
				DEBUG_INFORMATION_FORMAT = dwarf;
				ENABLE_STRICT_OBJC_MSGSEND = YES;
				ENABLE_TESTABILITY = YES;
				GCC_C_LANGUAGE_STANDARD = gnu11;
				GCC_DYNAMIC_NO_PIC = NO;
				GCC_NO_COMMON_BLOCKS = YES;
				GCC_OPTIMIZATION_LEVEL = 0;
				GCC_PREPROCESSOR_DEFINITIONS = (
					"DEBUG=1",
					"$(inherited)",
				);
				GCC_WARN_64_TO_32_BIT_CONVERSION = YES;
				GCC_WARN_ABOUT_RETURN_TYPE = YES_ERROR;
				GCC_WARN_UNDECLARED_SELECTOR = YES;
				GCC_WARN_UNINITIALIZED_AUTOS = YES_AGGRESSIVE;
				GCC_WARN_UNUSED_FUNCTION = YES;
				GCC_WARN_UNUSED_VARIABLE = YES;
				IPHONEOS_DEPLOYMENT_TARGET = 13.7;
				MTL_ENABLE_DEBUG_INFO = INCLUDE_SOURCE;
				MTL_FAST_MATH = YES;
				ONLY_ACTIVE_ARCH = YES;
				SDKROOT = iphoneos;
				SWIFT_ACTIVE_COMPILATION_CONDITIONS = DEBUG;
				SWIFT_OPTIMIZATION_LEVEL = "-Onone";
			};
			name = Debug;
		};
		7E47485725052C930063F4E8 /* Release */ = {
			isa = XCBuildConfiguration;
			buildSettings = {
				ALWAYS_SEARCH_USER_PATHS = NO;
				CLANG_ANALYZER_NONNULL = YES;
				CLANG_ANALYZER_NUMBER_OBJECT_CONVERSION = YES_AGGRESSIVE;
				CLANG_CXX_LANGUAGE_STANDARD = "gnu++14";
				CLANG_CXX_LIBRARY = "libc++";
				CLANG_ENABLE_MODULES = YES;
				CLANG_ENABLE_OBJC_ARC = YES;
				CLANG_ENABLE_OBJC_WEAK = YES;
				CLANG_WARN_BLOCK_CAPTURE_AUTORELEASING = YES;
				CLANG_WARN_BOOL_CONVERSION = YES;
				CLANG_WARN_COMMA = YES;
				CLANG_WARN_CONSTANT_CONVERSION = YES;
				CLANG_WARN_DEPRECATED_OBJC_IMPLEMENTATIONS = YES;
				CLANG_WARN_DIRECT_OBJC_ISA_USAGE = YES_ERROR;
				CLANG_WARN_DOCUMENTATION_COMMENTS = YES;
				CLANG_WARN_EMPTY_BODY = YES;
				CLANG_WARN_ENUM_CONVERSION = YES;
				CLANG_WARN_INFINITE_RECURSION = YES;
				CLANG_WARN_INT_CONVERSION = YES;
				CLANG_WARN_NON_LITERAL_NULL_CONVERSION = YES;
				CLANG_WARN_OBJC_IMPLICIT_RETAIN_SELF = YES;
				CLANG_WARN_OBJC_LITERAL_CONVERSION = YES;
				CLANG_WARN_OBJC_ROOT_CLASS = YES_ERROR;
				CLANG_WARN_RANGE_LOOP_ANALYSIS = YES;
				CLANG_WARN_STRICT_PROTOTYPES = YES;
				CLANG_WARN_SUSPICIOUS_MOVE = YES;
				CLANG_WARN_UNGUARDED_AVAILABILITY = YES_AGGRESSIVE;
				CLANG_WARN_UNREACHABLE_CODE = YES;
				CLANG_WARN__DUPLICATE_METHOD_MATCH = YES;
				COPY_PHASE_STRIP = NO;
				DEBUG_INFORMATION_FORMAT = "dwarf-with-dsym";
				ENABLE_NS_ASSERTIONS = NO;
				ENABLE_STRICT_OBJC_MSGSEND = YES;
				GCC_C_LANGUAGE_STANDARD = gnu11;
				GCC_NO_COMMON_BLOCKS = YES;
				GCC_WARN_64_TO_32_BIT_CONVERSION = YES;
				GCC_WARN_ABOUT_RETURN_TYPE = YES_ERROR;
				GCC_WARN_UNDECLARED_SELECTOR = YES;
				GCC_WARN_UNINITIALIZED_AUTOS = YES_AGGRESSIVE;
				GCC_WARN_UNUSED_FUNCTION = YES;
				GCC_WARN_UNUSED_VARIABLE = YES;
				IPHONEOS_DEPLOYMENT_TARGET = 13.7;
				MTL_ENABLE_DEBUG_INFO = NO;
				MTL_FAST_MATH = YES;
				SDKROOT = iphoneos;
				SWIFT_COMPILATION_MODE = wholemodule;
				SWIFT_OPTIMIZATION_LEVEL = "-O";
				VALIDATE_PRODUCT = YES;
			};
			name = Release;
		};
		7E47485925052C930063F4E8 /* Debug */ = {
			isa = XCBuildConfiguration;
			buildSettings = {
				ALWAYS_EMBED_SWIFT_STANDARD_LIBRARIES = YES;
				ASSETCATALOG_COMPILER_APPICON_NAME = AppIcon;
				CODE_SIGN_ENTITLEMENTS = shufflescreen/shufflescreen.entitlements;
				CODE_SIGN_STYLE = Automatic;
				DEVELOPMENT_TEAM = P63952MS7L;
				FRAMEWORK_SEARCH_PATHS = (
					"$(inherited)",
					"$(PROJECT_DIR)",
					"$(PROJECT_DIR)/shufflescreen/Framework",
					"$(PROJECT_DIR)/shufflescreen/Frameworks",
				);
				INFOPLIST_FILE = shufflescreen/Info.plist;
				IPHONEOS_DEPLOYMENT_TARGET = 14.0;
				LD_RUNPATH_SEARCH_PATHS = (
					"$(inherited)",
					"@executable_path/Frameworks",
				);
				OTHER_LDFLAGS = "-ObjC";
				PRODUCT_BUNDLE_IDENTIFIER = samuel.shufflescreen;
				PRODUCT_NAME = "$(TARGET_NAME)";
				SWIFT_OBJC_BRIDGING_HEADER = "shufflescreen-Bridging-Header.h";
				SWIFT_VERSION = 5.0;
				TARGETED_DEVICE_FAMILY = "1,2";
			};
			name = Debug;
		};
		7E47485A25052C930063F4E8 /* Release */ = {
			isa = XCBuildConfiguration;
			buildSettings = {
				ALWAYS_EMBED_SWIFT_STANDARD_LIBRARIES = YES;
				ASSETCATALOG_COMPILER_APPICON_NAME = AppIcon;
				CODE_SIGN_ENTITLEMENTS = shufflescreen/shufflescreen.entitlements;
				CODE_SIGN_STYLE = Automatic;
				DEVELOPMENT_TEAM = P63952MS7L;
				FRAMEWORK_SEARCH_PATHS = (
					"$(inherited)",
					"$(PROJECT_DIR)",
					"$(PROJECT_DIR)/shufflescreen/Framework",
					"$(PROJECT_DIR)/shufflescreen/Frameworks",
				);
				INFOPLIST_FILE = shufflescreen/Info.plist;
				IPHONEOS_DEPLOYMENT_TARGET = 14.0;
				LD_RUNPATH_SEARCH_PATHS = (
					"$(inherited)",
					"@executable_path/Frameworks",
				);
				OTHER_LDFLAGS = "-ObjC";
				PRODUCT_BUNDLE_IDENTIFIER = samuel.shufflescreen;
				PRODUCT_NAME = "$(TARGET_NAME)";
				SWIFT_OBJC_BRIDGING_HEADER = "shufflescreen-Bridging-Header.h";
				SWIFT_VERSION = 5.0;
				TARGETED_DEVICE_FAMILY = "1,2";
			};
			name = Release;
		};
/* End XCBuildConfiguration section */

/* Begin XCConfigurationList section */
		357FA25E251BD3D000702498 /* Build configuration list for PBXNativeTarget "songWidgetExtension" */ = {
			isa = XCConfigurationList;
			buildConfigurations = (
				357FA25F251BD3D000702498 /* Debug */,
				357FA260251BD3D000702498 /* Release */,
			);
			defaultConfigurationIsVisible = 0;
			defaultConfigurationName = Release;
		};
		7E47483F25052C8B0063F4E8 /* Build configuration list for PBXProject "shufflescreen" */ = {
			isa = XCConfigurationList;
			buildConfigurations = (
				7E47485625052C930063F4E8 /* Debug */,
				7E47485725052C930063F4E8 /* Release */,
			);
			defaultConfigurationIsVisible = 0;
			defaultConfigurationName = Release;
		};
		7E47485825052C930063F4E8 /* Build configuration list for PBXNativeTarget "shufflescreen" */ = {
			isa = XCConfigurationList;
			buildConfigurations = (
				7E47485925052C930063F4E8 /* Debug */,
				7E47485A25052C930063F4E8 /* Release */,
			);
			defaultConfigurationIsVisible = 0;
			defaultConfigurationName = Release;
		};
/* End XCConfigurationList section */
	};
	rootObject = 7E47483C25052C8B0063F4E8 /* Project object */;
}
