// !$*UTF8*$!
{
	archiveVersion = 1;
	classes = {
	};
	objectVersion = 50;
	objects = {

/* Begin PBXBuildFile section */
		35129477250BA02D00B7479D /* ConnectionStatusIndicatorView.swift in Sources */ = {isa = PBXBuildFile; fileRef = 35129476250BA02D00B7479D /* ConnectionStatusIndicatorView.swift */; };
		351D49CD251E1C160030A464 /* Keys.swift in Sources */ = {isa = PBXBuildFile; fileRef = 351D49CC251E1C160030A464 /* Keys.swift */; };
		351D49F2251E4EE40030A464 /* WidgetKit.framework in Frameworks */ = {isa = PBXBuildFile; fileRef = 357FA24E251BD3CE00702498 /* WidgetKit.framework */; };
		351D49F3251E4EE40030A464 /* SwiftUI.framework in Frameworks */ = {isa = PBXBuildFile; fileRef = 357FA250251BD3CE00702498 /* SwiftUI.framework */; };
		351D49F6251E4EE40030A464 /* NowPlayingWidget.swift in Sources */ = {isa = PBXBuildFile; fileRef = 351D49F5251E4EE40030A464 /* NowPlayingWidget.swift */; };
		351D49F9251E4EE50030A464 /* Assets.xcassets in Resources */ = {isa = PBXBuildFile; fileRef = 351D49F8251E4EE50030A464 /* Assets.xcassets */; };
		351D49FB251E4EE50030A464 /* NowPlayingWidget.intentdefinition in Sources */ = {isa = PBXBuildFile; fileRef = 351D49F7251E4EE40030A464 /* NowPlayingWidget.intentdefinition */; };
		351D49FC251E4EE50030A464 /* NowPlayingWidget.intentdefinition in Sources */ = {isa = PBXBuildFile; fileRef = 351D49F7251E4EE40030A464 /* NowPlayingWidget.intentdefinition */; };
		351D49FF251E4EE50030A464 /* NowPlayingWidgetExtension.appex in Embed App Extensions */ = {isa = PBXBuildFile; fileRef = 351D49F1251E4EE40030A464 /* NowPlayingWidgetExtension.appex */; settings = {ATTRIBUTES = (RemoveHeadersOnCopy, ); }; };
		351D4A05251E4F200030A464 /* Player.swift in Sources */ = {isa = PBXBuildFile; fileRef = 352174C0251BE7FC00AAE095 /* Player.swift */; };
		351D4A08251E4F260030A464 /* Artist.swift in Sources */ = {isa = PBXBuildFile; fileRef = 357EEA87250909F900F1DEF7 /* Artist.swift */; };
		351D4A09251E4F260030A464 /* Recommendations.swift in Sources */ = {isa = PBXBuildFile; fileRef = 35756CA22507EC7F00DA2C11 /* Recommendations.swift */; };
		351D4A0A251E4F260030A464 /* Track.swift in Sources */ = {isa = PBXBuildFile; fileRef = 357EEA85250909D800F1DEF7 /* Track.swift */; };
		351D4A0B251E4F260030A464 /* Support Classes.swift in Sources */ = {isa = PBXBuildFile; fileRef = 357EEA8F2509290C00F1DEF7 /* Support Classes.swift */; };
		351D4A0C251E4F260030A464 /* TopList.swift in Sources */ = {isa = PBXBuildFile; fileRef = 357EEA8925090EA200F1DEF7 /* TopList.swift */; };
		351D4A0D251E4F260030A464 /* User.swift in Sources */ = {isa = PBXBuildFile; fileRef = 35756CA42507EF8F00DA2C11 /* User.swift */; };
		351D4A0E251E4F260030A464 /* Album.swift in Sources */ = {isa = PBXBuildFile; fileRef = 357EEA8D2509234300F1DEF7 /* Album.swift */; };
		351D4A11251E4F2F0030A464 /* UIImageColors.swift in Sources */ = {isa = PBXBuildFile; fileRef = 352174B2251BE1D400AAE095 /* UIImageColors.swift */; };
		351D4A17251E4F750030A464 /* Keys.swift in Sources */ = {isa = PBXBuildFile; fileRef = 351D49CC251E1C160030A464 /* Keys.swift */; };
		351D4A1B251E502B0030A464 /* ImageSwiftUI.swift in Sources */ = {isa = PBXBuildFile; fileRef = 351D4A1A251E502B0030A464 /* ImageSwiftUI.swift */; };
		351D4A27251E51610030A464 /* WidgetKit.framework in Frameworks */ = {isa = PBXBuildFile; fileRef = 357FA24E251BD3CE00702498 /* WidgetKit.framework */; };
		351D4A28251E51610030A464 /* SwiftUI.framework in Frameworks */ = {isa = PBXBuildFile; fileRef = 357FA250251BD3CE00702498 /* SwiftUI.framework */; };
		351D4A2B251E51610030A464 /* AlbumImageWidget.swift in Sources */ = {isa = PBXBuildFile; fileRef = 351D4A2A251E51610030A464 /* AlbumImageWidget.swift */; };
		351D4A2E251E51630030A464 /* Assets.xcassets in Resources */ = {isa = PBXBuildFile; fileRef = 351D4A2D251E51630030A464 /* Assets.xcassets */; };
		351D4A30251E51630030A464 /* AlbumImageWidget.intentdefinition in Sources */ = {isa = PBXBuildFile; fileRef = 351D4A2C251E51610030A464 /* AlbumImageWidget.intentdefinition */; };
		351D4A34251E51630030A464 /* AlbumImageWidgetExtension.appex in Embed App Extensions */ = {isa = PBXBuildFile; fileRef = 351D4A26251E51610030A464 /* AlbumImageWidgetExtension.appex */; settings = {ATTRIBUTES = (RemoveHeadersOnCopy, ); }; };
		351D4A3B251E51840030A464 /* ImageSwiftUI.swift in Sources */ = {isa = PBXBuildFile; fileRef = 351D4A1A251E502B0030A464 /* ImageSwiftUI.swift */; };
		351D4A3C251E51840030A464 /* Recommendations.swift in Sources */ = {isa = PBXBuildFile; fileRef = 35756CA22507EC7F00DA2C11 /* Recommendations.swift */; };
		351D4A3D251E51840030A464 /* TopList.swift in Sources */ = {isa = PBXBuildFile; fileRef = 357EEA8925090EA200F1DEF7 /* TopList.swift */; };
		351D4A3E251E51840030A464 /* Keys.swift in Sources */ = {isa = PBXBuildFile; fileRef = 351D49CC251E1C160030A464 /* Keys.swift */; };
		351D4A3F251E51840030A464 /* Player.swift in Sources */ = {isa = PBXBuildFile; fileRef = 352174C0251BE7FC00AAE095 /* Player.swift */; };
		351D4A40251E51840030A464 /* Track.swift in Sources */ = {isa = PBXBuildFile; fileRef = 357EEA85250909D800F1DEF7 /* Track.swift */; };
		351D4A41251E51840030A464 /* User.swift in Sources */ = {isa = PBXBuildFile; fileRef = 35756CA42507EF8F00DA2C11 /* User.swift */; };
		351D4A42251E51840030A464 /* Support Classes.swift in Sources */ = {isa = PBXBuildFile; fileRef = 357EEA8F2509290C00F1DEF7 /* Support Classes.swift */; };
		351D4A43251E51840030A464 /* Artist.swift in Sources */ = {isa = PBXBuildFile; fileRef = 357EEA87250909F900F1DEF7 /* Artist.swift */; };
		351D4A44251E51840030A464 /* Album.swift in Sources */ = {isa = PBXBuildFile; fileRef = 357EEA8D2509234300F1DEF7 /* Album.swift */; };
		351D4A48251E51DA0030A464 /* UIImageColors.swift in Sources */ = {isa = PBXBuildFile; fileRef = 352174B2251BE1D400AAE095 /* UIImageColors.swift */; };
		351D4A56251E88400030A464 /* SpotifyiOS.framework in Frameworks */ = {isa = PBXBuildFile; fileRef = 354ABC13251C348E00635D50 /* SpotifyiOS.framework */; };
		351D4A5B251E88470030A464 /* SpotifyiOS.framework in Frameworks */ = {isa = PBXBuildFile; fileRef = 354ABC13251C348E00635D50 /* SpotifyiOS.framework */; };
		351D4A60251E890F0030A464 /* NowPlaying.swift in Sources */ = {isa = PBXBuildFile; fileRef = 351D4A5F251E890F0030A464 /* NowPlaying.swift */; };
		351D4A61251E890F0030A464 /* NowPlaying.swift in Sources */ = {isa = PBXBuildFile; fileRef = 351D4A5F251E890F0030A464 /* NowPlaying.swift */; };
		351D4A62251E890F0030A464 /* NowPlaying.swift in Sources */ = {isa = PBXBuildFile; fileRef = 351D4A5F251E890F0030A464 /* NowPlaying.swift */; };
		351D4A66251E8D1F0030A464 /* ImageSwiftUI.swift in Sources */ = {isa = PBXBuildFile; fileRef = 351D4A1A251E502B0030A464 /* ImageSwiftUI.swift */; };
		352174B3251BE1D400AAE095 /* UIImageColors.swift in Sources */ = {isa = PBXBuildFile; fileRef = 352174B2251BE1D400AAE095 /* UIImageColors.swift */; };
		352174C1251BE7FC00AAE095 /* Player.swift in Sources */ = {isa = PBXBuildFile; fileRef = 352174C0251BE7FC00AAE095 /* Player.swift */; };
		354ABC14251C348E00635D50 /* SpotifyiOS.framework in Frameworks */ = {isa = PBXBuildFile; fileRef = 354ABC13251C348E00635D50 /* SpotifyiOS.framework */; };
		355E9900252397B800623874 /* Reachability.swift in Sources */ = {isa = PBXBuildFile; fileRef = 357EEA8B25091BB500F1DEF7 /* Reachability.swift */; };
		355E9901252397B800623874 /* Reachability.swift in Sources */ = {isa = PBXBuildFile; fileRef = 357EEA8B25091BB500F1DEF7 /* Reachability.swift */; };
		355E99062523995C00623874 /* CloudKit.framework in Frameworks */ = {isa = PBXBuildFile; fileRef = 355E99052523995C00623874 /* CloudKit.framework */; };
		355E990825239D1F00623874 /* CodableCloud.swift in Sources */ = {isa = PBXBuildFile; fileRef = 355E990725239D1F00623874 /* CodableCloud.swift */; };
		35756CA32507EC7F00DA2C11 /* Recommendations.swift in Sources */ = {isa = PBXBuildFile; fileRef = 35756CA22507EC7F00DA2C11 /* Recommendations.swift */; };
		35756CA52507EF8F00DA2C11 /* User.swift in Sources */ = {isa = PBXBuildFile; fileRef = 35756CA42507EF8F00DA2C11 /* User.swift */; };
		3576D82B250884990063BB8E /* BaseViewController.swift in Sources */ = {isa = PBXBuildFile; fileRef = 3576D82A250884990063BB8E /* BaseViewController.swift */; };
		357EEA842509074500F1DEF7 /* RecommendationsViewController.swift in Sources */ = {isa = PBXBuildFile; fileRef = 357EEA832509074500F1DEF7 /* RecommendationsViewController.swift */; };
		357EEA86250909D800F1DEF7 /* Track.swift in Sources */ = {isa = PBXBuildFile; fileRef = 357EEA85250909D800F1DEF7 /* Track.swift */; };
		357EEA88250909F900F1DEF7 /* Artist.swift in Sources */ = {isa = PBXBuildFile; fileRef = 357EEA87250909F900F1DEF7 /* Artist.swift */; };
		357EEA8A25090EA200F1DEF7 /* TopList.swift in Sources */ = {isa = PBXBuildFile; fileRef = 357EEA8925090EA200F1DEF7 /* TopList.swift */; };
		357EEA8C25091BB500F1DEF7 /* Reachability.swift in Sources */ = {isa = PBXBuildFile; fileRef = 357EEA8B25091BB500F1DEF7 /* Reachability.swift */; };
		357EEA8E2509234300F1DEF7 /* Album.swift in Sources */ = {isa = PBXBuildFile; fileRef = 357EEA8D2509234300F1DEF7 /* Album.swift */; };
		357EEA902509290C00F1DEF7 /* Support Classes.swift in Sources */ = {isa = PBXBuildFile; fileRef = 357EEA8F2509290C00F1DEF7 /* Support Classes.swift */; };
		357EEA922509393B00F1DEF7 /* DisconnectedView.xib in Resources */ = {isa = PBXBuildFile; fileRef = 357EEA912509393B00F1DEF7 /* DisconnectedView.xib */; };
		357EEA9425093A7E00F1DEF7 /* DisconnectedView.swift in Sources */ = {isa = PBXBuildFile; fileRef = 357EEA9325093A7E00F1DEF7 /* DisconnectedView.swift */; };
		357EEA972509B5B100F1DEF7 /* PlaylistViewController.swift in Sources */ = {isa = PBXBuildFile; fileRef = 357EEA962509B5B100F1DEF7 /* PlaylistViewController.swift */; };
		357EEA99250AB56600F1DEF7 /* BaseNavigationController.swift in Sources */ = {isa = PBXBuildFile; fileRef = 357EEA98250AB56600F1DEF7 /* BaseNavigationController.swift */; };
		357EEA9B250AB7FD00F1DEF7 /* AppRemoteViewController.swift in Sources */ = {isa = PBXBuildFile; fileRef = 357EEA9A250AB7FD00F1DEF7 /* AppRemoteViewController.swift */; };
		357EEA9D250AB97600F1DEF7 /* LateralButton.swift in Sources */ = {isa = PBXBuildFile; fileRef = 357EEA9C250AB97600F1DEF7 /* LateralButton.swift */; };
		358CCCFF2523CABB00A81724 /* FriendsViewController.swift in Sources */ = {isa = PBXBuildFile; fileRef = 358CCCFE2523CABB00A81724 /* FriendsViewController.swift */; };
		35F09D4E2508703E00E68251 /* HomeViewController.swift in Sources */ = {isa = PBXBuildFile; fileRef = 35F09D4D2508703E00E68251 /* HomeViewController.swift */; };
		7E47484825052C8B0063F4E8 /* AppDelegate.swift in Sources */ = {isa = PBXBuildFile; fileRef = 7E47484725052C8B0063F4E8 /* AppDelegate.swift */; };
		7E47484A25052C8B0063F4E8 /* SceneDelegate.swift in Sources */ = {isa = PBXBuildFile; fileRef = 7E47484925052C8B0063F4E8 /* SceneDelegate.swift */; };
		7E47484C25052C8B0063F4E8 /* LoginViewController.swift in Sources */ = {isa = PBXBuildFile; fileRef = 7E47484B25052C8B0063F4E8 /* LoginViewController.swift */; };
		7E47484F25052C8B0063F4E8 /* Main.storyboard in Resources */ = {isa = PBXBuildFile; fileRef = 7E47484D25052C8B0063F4E8 /* Main.storyboard */; };
		7E47485125052C930063F4E8 /* Assets.xcassets in Resources */ = {isa = PBXBuildFile; fileRef = 7E47485025052C930063F4E8 /* Assets.xcassets */; };
		7E47485425052C930063F4E8 /* LaunchScreen.storyboard in Resources */ = {isa = PBXBuildFile; fileRef = 7E47485225052C930063F4E8 /* LaunchScreen.storyboard */; };
/* End PBXBuildFile section */

/* Begin PBXContainerItemProxy section */
		351D49FD251E4EE50030A464 /* PBXContainerItemProxy */ = {
			isa = PBXContainerItemProxy;
			containerPortal = 7E47483C25052C8B0063F4E8 /* Project object */;
			proxyType = 1;
			remoteGlobalIDString = 351D49F0251E4EE40030A464;
			remoteInfo = NowPlayingWidgetExtension;
		};
		351D4A32251E51630030A464 /* PBXContainerItemProxy */ = {
			isa = PBXContainerItemProxy;
			containerPortal = 7E47483C25052C8B0063F4E8 /* Project object */;
			proxyType = 1;
			remoteGlobalIDString = 351D4A25251E51610030A464;
			remoteInfo = AlbumImageWidgetExtension;
		};
/* End PBXContainerItemProxy section */

/* Begin PBXCopyFilesBuildPhase section */
		357FA261251BD3D000702498 /* Embed App Extensions */ = {
			isa = PBXCopyFilesBuildPhase;
			buildActionMask = 2147483647;
			dstPath = "";
			dstSubfolderSpec = 13;
			files = (
				351D4A34251E51630030A464 /* AlbumImageWidgetExtension.appex in Embed App Extensions */,
				351D49FF251E4EE50030A464 /* NowPlayingWidgetExtension.appex in Embed App Extensions */,
			);
			name = "Embed App Extensions";
			runOnlyForDeploymentPostprocessing = 0;
		};
/* End PBXCopyFilesBuildPhase section */

/* Begin PBXFileReference section */
		35129476250BA02D00B7479D /* ConnectionStatusIndicatorView.swift */ = {isa = PBXFileReference; fileEncoding = 4; lastKnownFileType = sourcecode.swift; path = ConnectionStatusIndicatorView.swift; sourceTree = "<group>"; };
		351D49CC251E1C160030A464 /* Keys.swift */ = {isa = PBXFileReference; lastKnownFileType = sourcecode.swift; path = Keys.swift; sourceTree = "<group>"; };
		351D49F1251E4EE40030A464 /* NowPlayingWidgetExtension.appex */ = {isa = PBXFileReference; explicitFileType = "wrapper.app-extension"; includeInIndex = 0; path = NowPlayingWidgetExtension.appex; sourceTree = BUILT_PRODUCTS_DIR; };
		351D49F5251E4EE40030A464 /* NowPlayingWidget.swift */ = {isa = PBXFileReference; lastKnownFileType = sourcecode.swift; path = NowPlayingWidget.swift; sourceTree = "<group>"; };
		351D49F7251E4EE40030A464 /* NowPlayingWidget.intentdefinition */ = {isa = PBXFileReference; lastKnownFileType = file.intentdefinition; path = NowPlayingWidget.intentdefinition; sourceTree = "<group>"; };
		351D49F8251E4EE50030A464 /* Assets.xcassets */ = {isa = PBXFileReference; lastKnownFileType = folder.assetcatalog; path = Assets.xcassets; sourceTree = "<group>"; };
		351D49FA251E4EE50030A464 /* Info.plist */ = {isa = PBXFileReference; lastKnownFileType = text.plist.xml; path = Info.plist; sourceTree = "<group>"; };
		351D4A14251E4F590030A464 /* NowPlayingWidgetExtension.entitlements */ = {isa = PBXFileReference; lastKnownFileType = text.plist.entitlements; path = NowPlayingWidgetExtension.entitlements; sourceTree = "<group>"; };
		351D4A1A251E502B0030A464 /* ImageSwiftUI.swift */ = {isa = PBXFileReference; lastKnownFileType = sourcecode.swift; path = ImageSwiftUI.swift; sourceTree = "<group>"; };
		351D4A26251E51610030A464 /* AlbumImageWidgetExtension.appex */ = {isa = PBXFileReference; explicitFileType = "wrapper.app-extension"; includeInIndex = 0; path = AlbumImageWidgetExtension.appex; sourceTree = BUILT_PRODUCTS_DIR; };
		351D4A2A251E51610030A464 /* AlbumImageWidget.swift */ = {isa = PBXFileReference; lastKnownFileType = sourcecode.swift; path = AlbumImageWidget.swift; sourceTree = "<group>"; };
		351D4A2C251E51610030A464 /* AlbumImageWidget.intentdefinition */ = {isa = PBXFileReference; lastKnownFileType = file.intentdefinition; path = AlbumImageWidget.intentdefinition; sourceTree = "<group>"; };
		351D4A2D251E51630030A464 /* Assets.xcassets */ = {isa = PBXFileReference; lastKnownFileType = folder.assetcatalog; path = Assets.xcassets; sourceTree = "<group>"; };
		351D4A2F251E51630030A464 /* Info.plist */ = {isa = PBXFileReference; lastKnownFileType = text.plist.xml; path = Info.plist; sourceTree = "<group>"; };
		351D4A52251E58960030A464 /* AlbumImageWidgetExtension.entitlements */ = {isa = PBXFileReference; lastKnownFileType = text.plist.entitlements; path = AlbumImageWidgetExtension.entitlements; sourceTree = "<group>"; };
		351D4A5F251E890F0030A464 /* NowPlaying.swift */ = {isa = PBXFileReference; lastKnownFileType = sourcecode.swift; path = NowPlaying.swift; sourceTree = "<group>"; };
		3521748F251BD8E000AAE095 /* shufflescreen.entitlements */ = {isa = PBXFileReference; lastKnownFileType = text.plist.entitlements; path = shufflescreen.entitlements; sourceTree = "<group>"; };
		352174B2251BE1D400AAE095 /* UIImageColors.swift */ = {isa = PBXFileReference; fileEncoding = 4; lastKnownFileType = sourcecode.swift; path = UIImageColors.swift; sourceTree = "<group>"; };
		352174C0251BE7FC00AAE095 /* Player.swift */ = {isa = PBXFileReference; lastKnownFileType = sourcecode.swift; path = Player.swift; sourceTree = "<group>"; };
		354ABC13251C348E00635D50 /* SpotifyiOS.framework */ = {isa = PBXFileReference; lastKnownFileType = wrapper.framework; path = SpotifyiOS.framework; sourceTree = "<group>"; };
		355E99052523995C00623874 /* CloudKit.framework */ = {isa = PBXFileReference; lastKnownFileType = wrapper.framework; name = CloudKit.framework; path = System/Library/Frameworks/CloudKit.framework; sourceTree = SDKROOT; };
		355E990725239D1F00623874 /* CodableCloud.swift */ = {isa = PBXFileReference; lastKnownFileType = sourcecode.swift; path = CodableCloud.swift; sourceTree = "<group>"; };
		35756CA22507EC7F00DA2C11 /* Recommendations.swift */ = {isa = PBXFileReference; lastKnownFileType = sourcecode.swift; path = Recommendations.swift; sourceTree = "<group>"; };
		35756CA42507EF8F00DA2C11 /* User.swift */ = {isa = PBXFileReference; lastKnownFileType = sourcecode.swift; path = User.swift; sourceTree = "<group>"; };
		3576D82A250884990063BB8E /* BaseViewController.swift */ = {isa = PBXFileReference; lastKnownFileType = sourcecode.swift; path = BaseViewController.swift; sourceTree = "<group>"; };
		357EEA832509074500F1DEF7 /* RecommendationsViewController.swift */ = {isa = PBXFileReference; lastKnownFileType = sourcecode.swift; path = RecommendationsViewController.swift; sourceTree = "<group>"; };
		357EEA85250909D800F1DEF7 /* Track.swift */ = {isa = PBXFileReference; lastKnownFileType = sourcecode.swift; path = Track.swift; sourceTree = "<group>"; };
		357EEA87250909F900F1DEF7 /* Artist.swift */ = {isa = PBXFileReference; lastKnownFileType = sourcecode.swift; path = Artist.swift; sourceTree = "<group>"; };
		357EEA8925090EA200F1DEF7 /* TopList.swift */ = {isa = PBXFileReference; lastKnownFileType = sourcecode.swift; path = TopList.swift; sourceTree = "<group>"; };
		357EEA8B25091BB500F1DEF7 /* Reachability.swift */ = {isa = PBXFileReference; lastKnownFileType = sourcecode.swift; path = Reachability.swift; sourceTree = "<group>"; };
		357EEA8D2509234300F1DEF7 /* Album.swift */ = {isa = PBXFileReference; lastKnownFileType = sourcecode.swift; path = Album.swift; sourceTree = "<group>"; };
		357EEA8F2509290C00F1DEF7 /* Support Classes.swift */ = {isa = PBXFileReference; lastKnownFileType = sourcecode.swift; path = "Support Classes.swift"; sourceTree = "<group>"; };
		357EEA912509393B00F1DEF7 /* DisconnectedView.xib */ = {isa = PBXFileReference; lastKnownFileType = file.xib; path = DisconnectedView.xib; sourceTree = "<group>"; };
		357EEA9325093A7E00F1DEF7 /* DisconnectedView.swift */ = {isa = PBXFileReference; lastKnownFileType = sourcecode.swift; path = DisconnectedView.swift; sourceTree = "<group>"; };
		357EEA962509B5B100F1DEF7 /* PlaylistViewController.swift */ = {isa = PBXFileReference; lastKnownFileType = sourcecode.swift; path = PlaylistViewController.swift; sourceTree = "<group>"; };
		357EEA98250AB56600F1DEF7 /* BaseNavigationController.swift */ = {isa = PBXFileReference; lastKnownFileType = sourcecode.swift; path = BaseNavigationController.swift; sourceTree = "<group>"; };
		357EEA9A250AB7FD00F1DEF7 /* AppRemoteViewController.swift */ = {isa = PBXFileReference; lastKnownFileType = sourcecode.swift; path = AppRemoteViewController.swift; sourceTree = "<group>"; };
		357EEA9C250AB97600F1DEF7 /* LateralButton.swift */ = {isa = PBXFileReference; lastKnownFileType = sourcecode.swift; path = LateralButton.swift; sourceTree = "<group>"; };
		357FA24E251BD3CE00702498 /* WidgetKit.framework */ = {isa = PBXFileReference; lastKnownFileType = wrapper.framework; name = WidgetKit.framework; path = System/Library/Frameworks/WidgetKit.framework; sourceTree = SDKROOT; };
		357FA250251BD3CE00702498 /* SwiftUI.framework */ = {isa = PBXFileReference; lastKnownFileType = wrapper.framework; name = SwiftUI.framework; path = System/Library/Frameworks/SwiftUI.framework; sourceTree = SDKROOT; };
		358CCCFE2523CABB00A81724 /* FriendsViewController.swift */ = {isa = PBXFileReference; lastKnownFileType = sourcecode.swift; path = FriendsViewController.swift; sourceTree = "<group>"; };
		35F09D4D2508703E00E68251 /* HomeViewController.swift */ = {isa = PBXFileReference; lastKnownFileType = sourcecode.swift; path = HomeViewController.swift; sourceTree = "<group>"; };
		7E47484425052C8B0063F4E8 /* shufflescreen.app */ = {isa = PBXFileReference; explicitFileType = wrapper.application; includeInIndex = 0; path = shufflescreen.app; sourceTree = BUILT_PRODUCTS_DIR; };
		7E47484725052C8B0063F4E8 /* AppDelegate.swift */ = {isa = PBXFileReference; lastKnownFileType = sourcecode.swift; path = AppDelegate.swift; sourceTree = "<group>"; };
		7E47484925052C8B0063F4E8 /* SceneDelegate.swift */ = {isa = PBXFileReference; lastKnownFileType = sourcecode.swift; path = SceneDelegate.swift; sourceTree = "<group>"; };
		7E47484B25052C8B0063F4E8 /* LoginViewController.swift */ = {isa = PBXFileReference; lastKnownFileType = sourcecode.swift; path = LoginViewController.swift; sourceTree = "<group>"; };
		7E47484E25052C8B0063F4E8 /* Base */ = {isa = PBXFileReference; lastKnownFileType = file.storyboard; name = Base; path = Base.lproj/Main.storyboard; sourceTree = "<group>"; };
		7E47485025052C930063F4E8 /* Assets.xcassets */ = {isa = PBXFileReference; lastKnownFileType = folder.assetcatalog; path = Assets.xcassets; sourceTree = "<group>"; };
		7E47485325052C930063F4E8 /* Base */ = {isa = PBXFileReference; lastKnownFileType = file.storyboard; name = Base; path = Base.lproj/LaunchScreen.storyboard; sourceTree = "<group>"; };
		7E47485525052C930063F4E8 /* Info.plist */ = {isa = PBXFileReference; lastKnownFileType = text.plist.xml; path = Info.plist; sourceTree = "<group>"; };
		7E47485D2505325B0063F4E8 /* shufflescreen-Bridging-Header.h */ = {isa = PBXFileReference; lastKnownFileType = sourcecode.c.h; path = "shufflescreen-Bridging-Header.h"; sourceTree = "<group>"; };
/* End PBXFileReference section */

/* Begin PBXFrameworksBuildPhase section */
		351D49EE251E4EE40030A464 /* Frameworks */ = {
			isa = PBXFrameworksBuildPhase;
			buildActionMask = 2147483647;
			files = (
				351D49F3251E4EE40030A464 /* SwiftUI.framework in Frameworks */,
				351D4A5B251E88470030A464 /* SpotifyiOS.framework in Frameworks */,
				351D49F2251E4EE40030A464 /* WidgetKit.framework in Frameworks */,
			);
			runOnlyForDeploymentPostprocessing = 0;
		};
		351D4A23251E51610030A464 /* Frameworks */ = {
			isa = PBXFrameworksBuildPhase;
			buildActionMask = 2147483647;
			files = (
				351D4A28251E51610030A464 /* SwiftUI.framework in Frameworks */,
				351D4A56251E88400030A464 /* SpotifyiOS.framework in Frameworks */,
				351D4A27251E51610030A464 /* WidgetKit.framework in Frameworks */,
			);
			runOnlyForDeploymentPostprocessing = 0;
		};
		7E47484125052C8B0063F4E8 /* Frameworks */ = {
			isa = PBXFrameworksBuildPhase;
			buildActionMask = 2147483647;
			files = (
				354ABC14251C348E00635D50 /* SpotifyiOS.framework in Frameworks */,
				355E99062523995C00623874 /* CloudKit.framework in Frameworks */,
			);
			runOnlyForDeploymentPostprocessing = 0;
		};
/* End PBXFrameworksBuildPhase section */

/* Begin PBXGroup section */
		351D49F4251E4EE40030A464 /* NowPlayingWidget */ = {
			isa = PBXGroup;
			children = (
				351D49F5251E4EE40030A464 /* NowPlayingWidget.swift */,
				351D49F7251E4EE40030A464 /* NowPlayingWidget.intentdefinition */,
				351D49F8251E4EE50030A464 /* Assets.xcassets */,
				351D49FA251E4EE50030A464 /* Info.plist */,
			);
			path = NowPlayingWidget;
			sourceTree = "<group>";
		};
		351D4A29251E51610030A464 /* AlbumImageWidget */ = {
			isa = PBXGroup;
			children = (
				351D4A2A251E51610030A464 /* AlbumImageWidget.swift */,
				351D4A2C251E51610030A464 /* AlbumImageWidget.intentdefinition */,
				351D4A2D251E51630030A464 /* Assets.xcassets */,
				351D4A2F251E51630030A464 /* Info.plist */,
			);
			path = AlbumImageWidget;
			sourceTree = "<group>";
		};
		355E98FF2523978B00623874 /* Extra */ = {
			isa = PBXGroup;
			children = (
				357EEA8B25091BB500F1DEF7 /* Reachability.swift */,
				352174B2251BE1D400AAE095 /* UIImageColors.swift */,
				351D4A1A251E502B0030A464 /* ImageSwiftUI.swift */,
				355E990725239D1F00623874 /* CodableCloud.swift */,
			);
			path = Extra;
			sourceTree = "<group>";
		};
		35756CA62507EFFF00DA2C11 /* Classes */ = {
			isa = PBXGroup;
			children = (
				35756CA22507EC7F00DA2C11 /* Recommendations.swift */,
				357EEA87250909F900F1DEF7 /* Artist.swift */,
				357EEA8925090EA200F1DEF7 /* TopList.swift */,
				357EEA85250909D800F1DEF7 /* Track.swift */,
				357EEA8D2509234300F1DEF7 /* Album.swift */,
				35756CA42507EF8F00DA2C11 /* User.swift */,
				357EEA8F2509290C00F1DEF7 /* Support Classes.swift */,
				352174C0251BE7FC00AAE095 /* Player.swift */,
				351D4A5F251E890F0030A464 /* NowPlaying.swift */,
			);
			path = Classes;
			sourceTree = "<group>";
		};
		357EEA9525093B2A00F1DEF7 /* Views */ = {
			isa = PBXGroup;
			children = (
				357EEA912509393B00F1DEF7 /* DisconnectedView.xib */,
				357EEA9325093A7E00F1DEF7 /* DisconnectedView.swift */,
				357EEA9C250AB97600F1DEF7 /* LateralButton.swift */,
				35129476250BA02D00B7479D /* ConnectionStatusIndicatorView.swift */,
			);
			path = Views;
			sourceTree = "<group>";
		};
		357FA24D251BD3CE00702498 /* Frameworks */ = {
			isa = PBXGroup;
			children = (
				355E99052523995C00623874 /* CloudKit.framework */,
				354ABC13251C348E00635D50 /* SpotifyiOS.framework */,
				357FA24E251BD3CE00702498 /* WidgetKit.framework */,
				357FA250251BD3CE00702498 /* SwiftUI.framework */,
			);
			name = Frameworks;
			sourceTree = "<group>";
		};
		35F09D4F2508726400E68251 /* ViewControllers */ = {
			isa = PBXGroup;
			children = (
				357EEA98250AB56600F1DEF7 /* BaseNavigationController.swift */,
				3576D82A250884990063BB8E /* BaseViewController.swift */,
				35F09D4D2508703E00E68251 /* HomeViewController.swift */,
				358CCCFE2523CABB00A81724 /* FriendsViewController.swift */,
				7E47484B25052C8B0063F4E8 /* LoginViewController.swift */,
				357EEA832509074500F1DEF7 /* RecommendationsViewController.swift */,
				357EEA962509B5B100F1DEF7 /* PlaylistViewController.swift */,
				357EEA9A250AB7FD00F1DEF7 /* AppRemoteViewController.swift */,
			);
			path = ViewControllers;
			sourceTree = "<group>";
		};
		7E47483B25052C8B0063F4E8 = {
			isa = PBXGroup;
			children = (
				351D4A52251E58960030A464 /* AlbumImageWidgetExtension.entitlements */,
				351D4A14251E4F590030A464 /* NowPlayingWidgetExtension.entitlements */,
				7E47485D2505325B0063F4E8 /* shufflescreen-Bridging-Header.h */,
				7E47484625052C8B0063F4E8 /* shufflescreen */,
				351D49F4251E4EE40030A464 /* NowPlayingWidget */,
				351D4A29251E51610030A464 /* AlbumImageWidget */,
				357FA24D251BD3CE00702498 /* Frameworks */,
				7E47484525052C8B0063F4E8 /* Products */,
			);
			sourceTree = "<group>";
		};
		7E47484525052C8B0063F4E8 /* Products */ = {
			isa = PBXGroup;
			children = (
				7E47484425052C8B0063F4E8 /* shufflescreen.app */,
				351D49F1251E4EE40030A464 /* NowPlayingWidgetExtension.appex */,
				351D4A26251E51610030A464 /* AlbumImageWidgetExtension.appex */,
			);
			name = Products;
			sourceTree = "<group>";
		};
		7E47484625052C8B0063F4E8 /* shufflescreen */ = {
			isa = PBXGroup;
			children = (
				3521748F251BD8E000AAE095 /* shufflescreen.entitlements */,
				7E47484725052C8B0063F4E8 /* AppDelegate.swift */,
				7E47484925052C8B0063F4E8 /* SceneDelegate.swift */,
				7E47484D25052C8B0063F4E8 /* Main.storyboard */,
				357EEA9525093B2A00F1DEF7 /* Views */,
				35F09D4F2508726400E68251 /* ViewControllers */,
				35756CA62507EFFF00DA2C11 /* Classes */,
				355E98FF2523978B00623874 /* Extra */,
				7E47485025052C930063F4E8 /* Assets.xcassets */,
				7E47485225052C930063F4E8 /* LaunchScreen.storyboard */,
				7E47485525052C930063F4E8 /* Info.plist */,
				351D49CC251E1C160030A464 /* Keys.swift */,
			);
			path = shufflescreen;
			sourceTree = "<group>";
		};
/* End PBXGroup section */

/* Begin PBXNativeTarget section */
		351D49F0251E4EE40030A464 /* NowPlayingWidgetExtension */ = {
			isa = PBXNativeTarget;
			buildConfigurationList = 351D4A02251E4EE50030A464 /* Build configuration list for PBXNativeTarget "NowPlayingWidgetExtension" */;
			buildPhases = (
				351D49ED251E4EE40030A464 /* Sources */,
				351D49EE251E4EE40030A464 /* Frameworks */,
				351D49EF251E4EE40030A464 /* Resources */,
			);
			buildRules = (
			);
			dependencies = (
			);
			name = NowPlayingWidgetExtension;
			productName = NowPlayingWidgetExtension;
			productReference = 351D49F1251E4EE40030A464 /* NowPlayingWidgetExtension.appex */;
			productType = "com.apple.product-type.app-extension";
		};
		351D4A25251E51610030A464 /* AlbumImageWidgetExtension */ = {
			isa = PBXNativeTarget;
			buildConfigurationList = 351D4A35251E51630030A464 /* Build configuration list for PBXNativeTarget "AlbumImageWidgetExtension" */;
			buildPhases = (
				351D4A22251E51610030A464 /* Sources */,
				351D4A23251E51610030A464 /* Frameworks */,
				351D4A24251E51610030A464 /* Resources */,
			);
			buildRules = (
			);
			dependencies = (
			);
			name = AlbumImageWidgetExtension;
			productName = AlbumImageWidgetExtension;
			productReference = 351D4A26251E51610030A464 /* AlbumImageWidgetExtension.appex */;
			productType = "com.apple.product-type.app-extension";
		};
		7E47484325052C8B0063F4E8 /* shufflescreen */ = {
			isa = PBXNativeTarget;
			buildConfigurationList = 7E47485825052C930063F4E8 /* Build configuration list for PBXNativeTarget "shufflescreen" */;
			buildPhases = (
				7E47484025052C8B0063F4E8 /* Sources */,
				7E47484125052C8B0063F4E8 /* Frameworks */,
				7E47484225052C8B0063F4E8 /* Resources */,
				357FA261251BD3D000702498 /* Embed App Extensions */,
			);
			buildRules = (
			);
			dependencies = (
				351D49FE251E4EE50030A464 /* PBXTargetDependency */,
				351D4A33251E51630030A464 /* PBXTargetDependency */,
			);
			name = shufflescreen;
			productName = shufflescreen;
			productReference = 7E47484425052C8B0063F4E8 /* shufflescreen.app */;
			productType = "com.apple.product-type.application";
		};
/* End PBXNativeTarget section */

/* Begin PBXProject section */
		7E47483C25052C8B0063F4E8 /* Project object */ = {
			isa = PBXProject;
			attributes = {
				LastSwiftUpdateCheck = 1200;
				LastUpgradeCheck = 1200;
				ORGANIZATIONNAME = "Samuel Brasileiro";
				TargetAttributes = {
					351D49F0251E4EE40030A464 = {
						CreatedOnToolsVersion = 12.0;
					};
					351D4A25251E51610030A464 = {
						CreatedOnToolsVersion = 12.0;
					};
					7E47484325052C8B0063F4E8 = {
						CreatedOnToolsVersion = 11.7;
					};
				};
			};
			buildConfigurationList = 7E47483F25052C8B0063F4E8 /* Build configuration list for PBXProject "shufflescreen" */;
			compatibilityVersion = "Xcode 9.3";
			developmentRegion = en;
			hasScannedForEncodings = 0;
			knownRegions = (
				en,
				Base,
			);
			mainGroup = 7E47483B25052C8B0063F4E8;
			productRefGroup = 7E47484525052C8B0063F4E8 /* Products */;
			projectDirPath = "";
			projectRoot = "";
			targets = (
				7E47484325052C8B0063F4E8 /* shufflescreen */,
				351D49F0251E4EE40030A464 /* NowPlayingWidgetExtension */,
				351D4A25251E51610030A464 /* AlbumImageWidgetExtension */,
			);
		};
/* End PBXProject section */

/* Begin PBXResourcesBuildPhase section */
		351D49EF251E4EE40030A464 /* Resources */ = {
			isa = PBXResourcesBuildPhase;
			buildActionMask = 2147483647;
			files = (
				351D49F9251E4EE50030A464 /* Assets.xcassets in Resources */,
			);
			runOnlyForDeploymentPostprocessing = 0;
		};
		351D4A24251E51610030A464 /* Resources */ = {
			isa = PBXResourcesBuildPhase;
			buildActionMask = 2147483647;
			files = (
				351D4A2E251E51630030A464 /* Assets.xcassets in Resources */,
			);
			runOnlyForDeploymentPostprocessing = 0;
		};
		7E47484225052C8B0063F4E8 /* Resources */ = {
			isa = PBXResourcesBuildPhase;
			buildActionMask = 2147483647;
			files = (
				7E47485425052C930063F4E8 /* LaunchScreen.storyboard in Resources */,
				7E47485125052C930063F4E8 /* Assets.xcassets in Resources */,
				7E47484F25052C8B0063F4E8 /* Main.storyboard in Resources */,
				357EEA922509393B00F1DEF7 /* DisconnectedView.xib in Resources */,
			);
			runOnlyForDeploymentPostprocessing = 0;
		};
/* End PBXResourcesBuildPhase section */

/* Begin PBXSourcesBuildPhase section */
		351D49ED251E4EE40030A464 /* Sources */ = {
			isa = PBXSourcesBuildPhase;
			buildActionMask = 2147483647;
			files = (
				351D49FB251E4EE50030A464 /* NowPlayingWidget.intentdefinition in Sources */,
				351D4A17251E4F750030A464 /* Keys.swift in Sources */,
				351D4A11251E4F2F0030A464 /* UIImageColors.swift in Sources */,
				351D4A05251E4F200030A464 /* Player.swift in Sources */,
				351D4A08251E4F260030A464 /* Artist.swift in Sources */,
				351D49F6251E4EE40030A464 /* NowPlayingWidget.swift in Sources */,
				351D4A09251E4F260030A464 /* Recommendations.swift in Sources */,
				351D4A1B251E502B0030A464 /* ImageSwiftUI.swift in Sources */,
				355E9900252397B800623874 /* Reachability.swift in Sources */,
				351D4A0D251E4F260030A464 /* User.swift in Sources */,
				351D4A61251E890F0030A464 /* NowPlaying.swift in Sources */,
				351D4A0A251E4F260030A464 /* Track.swift in Sources */,
				351D4A0B251E4F260030A464 /* Support Classes.swift in Sources */,
				351D4A0C251E4F260030A464 /* TopList.swift in Sources */,
				351D4A0E251E4F260030A464 /* Album.swift in Sources */,
			);
			runOnlyForDeploymentPostprocessing = 0;
		};
		351D4A22251E51610030A464 /* Sources */ = {
			isa = PBXSourcesBuildPhase;
			buildActionMask = 2147483647;
			files = (
				351D4A3D251E51840030A464 /* TopList.swift in Sources */,
				351D4A3E251E51840030A464 /* Keys.swift in Sources */,
				351D4A3C251E51840030A464 /* Recommendations.swift in Sources */,
				351D4A48251E51DA0030A464 /* UIImageColors.swift in Sources */,
				351D4A40251E51840030A464 /* Track.swift in Sources */,
				351D4A30251E51630030A464 /* AlbumImageWidget.intentdefinition in Sources */,
				351D4A41251E51840030A464 /* User.swift in Sources */,
				351D4A3F251E51840030A464 /* Player.swift in Sources */,
				355E9901252397B800623874 /* Reachability.swift in Sources */,
				351D4A2B251E51610030A464 /* AlbumImageWidget.swift in Sources */,
				351D4A62251E890F0030A464 /* NowPlaying.swift in Sources */,
				351D4A3B251E51840030A464 /* ImageSwiftUI.swift in Sources */,
				351D4A42251E51840030A464 /* Support Classes.swift in Sources */,
				351D4A43251E51840030A464 /* Artist.swift in Sources */,
				351D4A44251E51840030A464 /* Album.swift in Sources */,
			);
			runOnlyForDeploymentPostprocessing = 0;
		};
		7E47484025052C8B0063F4E8 /* Sources */ = {
			isa = PBXSourcesBuildPhase;
			buildActionMask = 2147483647;
			files = (
				357EEA8E2509234300F1DEF7 /* Album.swift in Sources */,
				3576D82B250884990063BB8E /* BaseViewController.swift in Sources */,
				7E47484C25052C8B0063F4E8 /* LoginViewController.swift in Sources */,
				357EEA8C25091BB500F1DEF7 /* Reachability.swift in Sources */,
				358CCCFF2523CABB00A81724 /* FriendsViewController.swift in Sources */,
				352174C1251BE7FC00AAE095 /* Player.swift in Sources */,
				7E47484825052C8B0063F4E8 /* AppDelegate.swift in Sources */,
				355E990825239D1F00623874 /* CodableCloud.swift in Sources */,
				35F09D4E2508703E00E68251 /* HomeViewController.swift in Sources */,
				35129477250BA02D00B7479D /* ConnectionStatusIndicatorView.swift in Sources */,
				351D49FC251E4EE50030A464 /* NowPlayingWidget.intentdefinition in Sources */,
				35756CA52507EF8F00DA2C11 /* User.swift in Sources */,
				357EEA902509290C00F1DEF7 /* Support Classes.swift in Sources */,
				357EEA9B250AB7FD00F1DEF7 /* AppRemoteViewController.swift in Sources */,
				357EEA972509B5B100F1DEF7 /* PlaylistViewController.swift in Sources */,
				351D4A66251E8D1F0030A464 /* ImageSwiftUI.swift in Sources */,
				357EEA9425093A7E00F1DEF7 /* DisconnectedView.swift in Sources */,
				357EEA86250909D800F1DEF7 /* Track.swift in Sources */,
				351D49CD251E1C160030A464 /* Keys.swift in Sources */,
				352174B3251BE1D400AAE095 /* UIImageColors.swift in Sources */,
				357EEA842509074500F1DEF7 /* RecommendationsViewController.swift in Sources */,
				357EEA8A25090EA200F1DEF7 /* TopList.swift in Sources */,
				35756CA32507EC7F00DA2C11 /* Recommendations.swift in Sources */,
				351D4A60251E890F0030A464 /* NowPlaying.swift in Sources */,
				357EEA99250AB56600F1DEF7 /* BaseNavigationController.swift in Sources */,
				357EEA88250909F900F1DEF7 /* Artist.swift in Sources */,
				7E47484A25052C8B0063F4E8 /* SceneDelegate.swift in Sources */,
				357EEA9D250AB97600F1DEF7 /* LateralButton.swift in Sources */,
			);
			runOnlyForDeploymentPostprocessing = 0;
		};
/* End PBXSourcesBuildPhase section */

/* Begin PBXTargetDependency section */
		351D49FE251E4EE50030A464 /* PBXTargetDependency */ = {
			isa = PBXTargetDependency;
			target = 351D49F0251E4EE40030A464 /* NowPlayingWidgetExtension */;
			targetProxy = 351D49FD251E4EE50030A464 /* PBXContainerItemProxy */;
		};
		351D4A33251E51630030A464 /* PBXTargetDependency */ = {
			isa = PBXTargetDependency;
			target = 351D4A25251E51610030A464 /* AlbumImageWidgetExtension */;
			targetProxy = 351D4A32251E51630030A464 /* PBXContainerItemProxy */;
		};
/* End PBXTargetDependency section */

/* Begin PBXVariantGroup section */
		7E47484D25052C8B0063F4E8 /* Main.storyboard */ = {
			isa = PBXVariantGroup;
			children = (
				7E47484E25052C8B0063F4E8 /* Base */,
			);
			name = Main.storyboard;
			sourceTree = "<group>";
		};
		7E47485225052C930063F4E8 /* LaunchScreen.storyboard */ = {
			isa = PBXVariantGroup;
			children = (
				7E47485325052C930063F4E8 /* Base */,
			);
			name = LaunchScreen.storyboard;
			sourceTree = "<group>";
		};
/* End PBXVariantGroup section */

/* Begin XCBuildConfiguration section */
		351D4A00251E4EE50030A464 /* Debug */ = {
			isa = XCBuildConfiguration;
			buildSettings = {
				ASSETCATALOG_COMPILER_GLOBAL_ACCENT_COLOR_NAME = AccentColor;
				ASSETCATALOG_COMPILER_WIDGET_BACKGROUND_COLOR_NAME = WidgetBackground;
				CODE_SIGN_ENTITLEMENTS = NowPlayingWidgetExtension.entitlements;
				CODE_SIGN_STYLE = Automatic;
				CURRENT_PROJECT_VERSION = 3;
				DEVELOPMENT_TEAM = P63952MS7L;
				FRAMEWORK_SEARCH_PATHS = (
					"$(inherited)",
					"$(PROJECT_DIR)",
				);
				INFOPLIST_FILE = NowPlayingWidget/Info.plist;
				IPHONEOS_DEPLOYMENT_TARGET = 14.0;
				LD_RUNPATH_SEARCH_PATHS = (
					"$(inherited)",
					"@executable_path/Frameworks",
					"@executable_path/../../Frameworks",
				);
				PRODUCT_BUNDLE_IDENTIFIER = samuel.shufflescreen.NowPlayingWidget;
				PRODUCT_NAME = "$(TARGET_NAME)";
				SKIP_INSTALL = YES;
				SWIFT_VERSION = 5.0;
				TARGETED_DEVICE_FAMILY = "1,2";
			};
			name = Debug;
		};
		351D4A01251E4EE50030A464 /* Release */ = {
			isa = XCBuildConfiguration;
			buildSettings = {
				ASSETCATALOG_COMPILER_GLOBAL_ACCENT_COLOR_NAME = AccentColor;
				ASSETCATALOG_COMPILER_WIDGET_BACKGROUND_COLOR_NAME = WidgetBackground;
				CODE_SIGN_ENTITLEMENTS = NowPlayingWidgetExtension.entitlements;
				CODE_SIGN_STYLE = Automatic;
				CURRENT_PROJECT_VERSION = 3;
				DEVELOPMENT_TEAM = P63952MS7L;
				FRAMEWORK_SEARCH_PATHS = (
					"$(inherited)",
					"$(PROJECT_DIR)",
				);
				INFOPLIST_FILE = NowPlayingWidget/Info.plist;
				IPHONEOS_DEPLOYMENT_TARGET = 14.0;
				LD_RUNPATH_SEARCH_PATHS = (
					"$(inherited)",
					"@executable_path/Frameworks",
					"@executable_path/../../Frameworks",
				);
				PRODUCT_BUNDLE_IDENTIFIER = samuel.shufflescreen.NowPlayingWidget;
				PRODUCT_NAME = "$(TARGET_NAME)";
				SKIP_INSTALL = YES;
				SWIFT_VERSION = 5.0;
				TARGETED_DEVICE_FAMILY = "1,2";
			};
			name = Release;
		};
		351D4A36251E51630030A464 /* Debug */ = {
			isa = XCBuildConfiguration;
			buildSettings = {
				ASSETCATALOG_COMPILER_GLOBAL_ACCENT_COLOR_NAME = AccentColor;
				ASSETCATALOG_COMPILER_WIDGET_BACKGROUND_COLOR_NAME = WidgetBackground;
				CODE_SIGN_ENTITLEMENTS = AlbumImageWidgetExtension.entitlements;
				CODE_SIGN_STYLE = Automatic;
				CURRENT_PROJECT_VERSION = 3;
				DEVELOPMENT_TEAM = P63952MS7L;
				FRAMEWORK_SEARCH_PATHS = (
					"$(inherited)",
					"$(PROJECT_DIR)",
				);
				INFOPLIST_FILE = AlbumImageWidget/Info.plist;
				IPHONEOS_DEPLOYMENT_TARGET = 14.0;
				LD_RUNPATH_SEARCH_PATHS = (
					"$(inherited)",
					"@executable_path/Frameworks",
					"@executable_path/../../Frameworks",
				);
				PRODUCT_BUNDLE_IDENTIFIER = samuel.shufflescreen.AlbumImageWidget;
				PRODUCT_NAME = "$(TARGET_NAME)";
				SKIP_INSTALL = YES;
				SWIFT_VERSION = 5.0;
				TARGETED_DEVICE_FAMILY = "1,2";
			};
			name = Debug;
		};
		351D4A37251E51630030A464 /* Release */ = {
			isa = XCBuildConfiguration;
			buildSettings = {
				ASSETCATALOG_COMPILER_GLOBAL_ACCENT_COLOR_NAME = AccentColor;
				ASSETCATALOG_COMPILER_WIDGET_BACKGROUND_COLOR_NAME = WidgetBackground;
				CODE_SIGN_ENTITLEMENTS = AlbumImageWidgetExtension.entitlements;
				CODE_SIGN_STYLE = Automatic;
				CURRENT_PROJECT_VERSION = 3;
				DEVELOPMENT_TEAM = P63952MS7L;
				FRAMEWORK_SEARCH_PATHS = (
					"$(inherited)",
					"$(PROJECT_DIR)",
				);
				INFOPLIST_FILE = AlbumImageWidget/Info.plist;
				IPHONEOS_DEPLOYMENT_TARGET = 14.0;
				LD_RUNPATH_SEARCH_PATHS = (
					"$(inherited)",
					"@executable_path/Frameworks",
					"@executable_path/../../Frameworks",
				);
				PRODUCT_BUNDLE_IDENTIFIER = samuel.shufflescreen.AlbumImageWidget;
				PRODUCT_NAME = "$(TARGET_NAME)";
				SKIP_INSTALL = YES;
				SWIFT_VERSION = 5.0;
				TARGETED_DEVICE_FAMILY = "1,2";
			};
			name = Release;
		};
		7E47485625052C930063F4E8 /* Debug */ = {
			isa = XCBuildConfiguration;
			buildSettings = {
				ALWAYS_SEARCH_USER_PATHS = NO;
				CLANG_ANALYZER_NONNULL = YES;
				CLANG_ANALYZER_NUMBER_OBJECT_CONVERSION = YES_AGGRESSIVE;
				CLANG_CXX_LANGUAGE_STANDARD = "gnu++14";
				CLANG_CXX_LIBRARY = "libc++";
				CLANG_ENABLE_MODULES = YES;
				CLANG_ENABLE_OBJC_ARC = YES;
				CLANG_ENABLE_OBJC_WEAK = YES;
				CLANG_WARN_BLOCK_CAPTURE_AUTORELEASING = YES;
				CLANG_WARN_BOOL_CONVERSION = YES;
				CLANG_WARN_COMMA = YES;
				CLANG_WARN_CONSTANT_CONVERSION = YES;
				CLANG_WARN_DEPRECATED_OBJC_IMPLEMENTATIONS = YES;
				CLANG_WARN_DIRECT_OBJC_ISA_USAGE = YES_ERROR;
				CLANG_WARN_DOCUMENTATION_COMMENTS = YES;
				CLANG_WARN_EMPTY_BODY = YES;
				CLANG_WARN_ENUM_CONVERSION = YES;
				CLANG_WARN_INFINITE_RECURSION = YES;
				CLANG_WARN_INT_CONVERSION = YES;
				CLANG_WARN_NON_LITERAL_NULL_CONVERSION = YES;
				CLANG_WARN_OBJC_IMPLICIT_RETAIN_SELF = YES;
				CLANG_WARN_OBJC_LITERAL_CONVERSION = YES;
				CLANG_WARN_OBJC_ROOT_CLASS = YES_ERROR;
				CLANG_WARN_QUOTED_INCLUDE_IN_FRAMEWORK_HEADER = YES;
				CLANG_WARN_RANGE_LOOP_ANALYSIS = YES;
				CLANG_WARN_STRICT_PROTOTYPES = YES;
				CLANG_WARN_SUSPICIOUS_MOVE = YES;
				CLANG_WARN_UNGUARDED_AVAILABILITY = YES_AGGRESSIVE;
				CLANG_WARN_UNREACHABLE_CODE = YES;
				CLANG_WARN__DUPLICATE_METHOD_MATCH = YES;
				COPY_PHASE_STRIP = NO;
				DEBUG_INFORMATION_FORMAT = dwarf;
				ENABLE_STRICT_OBJC_MSGSEND = YES;
				ENABLE_TESTABILITY = YES;
				GCC_C_LANGUAGE_STANDARD = gnu11;
				GCC_DYNAMIC_NO_PIC = NO;
				GCC_NO_COMMON_BLOCKS = YES;
				GCC_OPTIMIZATION_LEVEL = 0;
				GCC_PREPROCESSOR_DEFINITIONS = (
					"DEBUG=1",
					"$(inherited)",
				);
				GCC_WARN_64_TO_32_BIT_CONVERSION = YES;
				GCC_WARN_ABOUT_RETURN_TYPE = YES_ERROR;
				GCC_WARN_UNDECLARED_SELECTOR = YES;
				GCC_WARN_UNINITIALIZED_AUTOS = YES_AGGRESSIVE;
				GCC_WARN_UNUSED_FUNCTION = YES;
				GCC_WARN_UNUSED_VARIABLE = YES;
				IPHONEOS_DEPLOYMENT_TARGET = 13.7;
				MTL_ENABLE_DEBUG_INFO = INCLUDE_SOURCE;
				MTL_FAST_MATH = YES;
				ONLY_ACTIVE_ARCH = YES;
				SDKROOT = iphoneos;
				SWIFT_ACTIVE_COMPILATION_CONDITIONS = DEBUG;
				SWIFT_OPTIMIZATION_LEVEL = "-Onone";
			};
			name = Debug;
		};
		7E47485725052C930063F4E8 /* Release */ = {
			isa = XCBuildConfiguration;
			buildSettings = {
				ALWAYS_SEARCH_USER_PATHS = NO;
				CLANG_ANALYZER_NONNULL = YES;
				CLANG_ANALYZER_NUMBER_OBJECT_CONVERSION = YES_AGGRESSIVE;
				CLANG_CXX_LANGUAGE_STANDARD = "gnu++14";
				CLANG_CXX_LIBRARY = "libc++";
				CLANG_ENABLE_MODULES = YES;
				CLANG_ENABLE_OBJC_ARC = YES;
				CLANG_ENABLE_OBJC_WEAK = YES;
				CLANG_WARN_BLOCK_CAPTURE_AUTORELEASING = YES;
				CLANG_WARN_BOOL_CONVERSION = YES;
				CLANG_WARN_COMMA = YES;
				CLANG_WARN_CONSTANT_CONVERSION = YES;
				CLANG_WARN_DEPRECATED_OBJC_IMPLEMENTATIONS = YES;
				CLANG_WARN_DIRECT_OBJC_ISA_USAGE = YES_ERROR;
				CLANG_WARN_DOCUMENTATION_COMMENTS = YES;
				CLANG_WARN_EMPTY_BODY = YES;
				CLANG_WARN_ENUM_CONVERSION = YES;
				CLANG_WARN_INFINITE_RECURSION = YES;
				CLANG_WARN_INT_CONVERSION = YES;
				CLANG_WARN_NON_LITERAL_NULL_CONVERSION = YES;
				CLANG_WARN_OBJC_IMPLICIT_RETAIN_SELF = YES;
				CLANG_WARN_OBJC_LITERAL_CONVERSION = YES;
				CLANG_WARN_OBJC_ROOT_CLASS = YES_ERROR;
				CLANG_WARN_QUOTED_INCLUDE_IN_FRAMEWORK_HEADER = YES;
				CLANG_WARN_RANGE_LOOP_ANALYSIS = YES;
				CLANG_WARN_STRICT_PROTOTYPES = YES;
				CLANG_WARN_SUSPICIOUS_MOVE = YES;
				CLANG_WARN_UNGUARDED_AVAILABILITY = YES_AGGRESSIVE;
				CLANG_WARN_UNREACHABLE_CODE = YES;
				CLANG_WARN__DUPLICATE_METHOD_MATCH = YES;
				COPY_PHASE_STRIP = NO;
				DEBUG_INFORMATION_FORMAT = "dwarf-with-dsym";
				ENABLE_NS_ASSERTIONS = NO;
				ENABLE_STRICT_OBJC_MSGSEND = YES;
				GCC_C_LANGUAGE_STANDARD = gnu11;
				GCC_NO_COMMON_BLOCKS = YES;
				GCC_WARN_64_TO_32_BIT_CONVERSION = YES;
				GCC_WARN_ABOUT_RETURN_TYPE = YES_ERROR;
				GCC_WARN_UNDECLARED_SELECTOR = YES;
				GCC_WARN_UNINITIALIZED_AUTOS = YES_AGGRESSIVE;
				GCC_WARN_UNUSED_FUNCTION = YES;
				GCC_WARN_UNUSED_VARIABLE = YES;
				IPHONEOS_DEPLOYMENT_TARGET = 13.7;
				MTL_ENABLE_DEBUG_INFO = NO;
				MTL_FAST_MATH = YES;
				SDKROOT = iphoneos;
				SWIFT_COMPILATION_MODE = wholemodule;
				SWIFT_OPTIMIZATION_LEVEL = "-O";
				VALIDATE_PRODUCT = YES;
			};
			name = Release;
		};
		7E47485925052C930063F4E8 /* Debug */ = {
			isa = XCBuildConfiguration;
			buildSettings = {
				ALWAYS_EMBED_SWIFT_STANDARD_LIBRARIES = YES;
				ASSETCATALOG_COMPILER_APPICON_NAME = AppIcon;
				CODE_SIGN_ENTITLEMENTS = shufflescreen/shufflescreen.entitlements;
				CODE_SIGN_STYLE = Automatic;
				CURRENT_PROJECT_VERSION = 3;
				DEVELOPMENT_TEAM = P63952MS7L;
				FRAMEWORK_SEARCH_PATHS = (
					"$(inherited)",
					"$(PROJECT_DIR)",
				);
				INFOPLIST_FILE = shufflescreen/Info.plist;
				IPHONEOS_DEPLOYMENT_TARGET = 14.0;
				LD_RUNPATH_SEARCH_PATHS = (
					"$(inherited)",
					"@executable_path/Frameworks",
				);
				OTHER_LDFLAGS = "-ObjC";
				PRODUCT_BUNDLE_IDENTIFIER = samuel.shufflescreen;
				PRODUCT_NAME = "$(TARGET_NAME)";
				SWIFT_OBJC_BRIDGING_HEADER = "shufflescreen-Bridging-Header.h";
				SWIFT_VERSION = 5.0;
				TARGETED_DEVICE_FAMILY = "1,2";
			};
			name = Debug;
		};
		7E47485A25052C930063F4E8 /* Release */ = {
			isa = XCBuildConfiguration;
			buildSettings = {
				ALWAYS_EMBED_SWIFT_STANDARD_LIBRARIES = YES;
				ASSETCATALOG_COMPILER_APPICON_NAME = AppIcon;
				CODE_SIGN_ENTITLEMENTS = shufflescreen/shufflescreen.entitlements;
				CODE_SIGN_STYLE = Automatic;
				CURRENT_PROJECT_VERSION = 3;
				DEVELOPMENT_TEAM = P63952MS7L;
				FRAMEWORK_SEARCH_PATHS = (
					"$(inherited)",
					"$(PROJECT_DIR)",
				);
				INFOPLIST_FILE = shufflescreen/Info.plist;
				IPHONEOS_DEPLOYMENT_TARGET = 14.0;
				LD_RUNPATH_SEARCH_PATHS = (
					"$(inherited)",
					"@executable_path/Frameworks",
				);
				OTHER_LDFLAGS = "-ObjC";
				PRODUCT_BUNDLE_IDENTIFIER = samuel.shufflescreen;
				PRODUCT_NAME = "$(TARGET_NAME)";
				SWIFT_OBJC_BRIDGING_HEADER = "shufflescreen-Bridging-Header.h";
				SWIFT_VERSION = 5.0;
				TARGETED_DEVICE_FAMILY = "1,2";
			};
			name = Release;
		};
/* End XCBuildConfiguration section */

/* Begin XCConfigurationList section */
		351D4A02251E4EE50030A464 /* Build configuration list for PBXNativeTarget "NowPlayingWidgetExtension" */ = {
			isa = XCConfigurationList;
			buildConfigurations = (
				351D4A00251E4EE50030A464 /* Debug */,
				351D4A01251E4EE50030A464 /* Release */,
			);
			defaultConfigurationIsVisible = 0;
			defaultConfigurationName = Release;
		};
		351D4A35251E51630030A464 /* Build configuration list for PBXNativeTarget "AlbumImageWidgetExtension" */ = {
			isa = XCConfigurationList;
			buildConfigurations = (
				351D4A36251E51630030A464 /* Debug */,
				351D4A37251E51630030A464 /* Release */,
			);
			defaultConfigurationIsVisible = 0;
			defaultConfigurationName = Release;
		};
		7E47483F25052C8B0063F4E8 /* Build configuration list for PBXProject "shufflescreen" */ = {
			isa = XCConfigurationList;
			buildConfigurations = (
				7E47485625052C930063F4E8 /* Debug */,
				7E47485725052C930063F4E8 /* Release */,
			);
			defaultConfigurationIsVisible = 0;
			defaultConfigurationName = Release;
		};
		7E47485825052C930063F4E8 /* Build configuration list for PBXNativeTarget "shufflescreen" */ = {
			isa = XCConfigurationList;
			buildConfigurations = (
				7E47485925052C930063F4E8 /* Debug */,
				7E47485A25052C930063F4E8 /* Release */,
			);
			defaultConfigurationIsVisible = 0;
			defaultConfigurationName = Release;
		};
/* End XCConfigurationList section */
	};
	rootObject = 7E47483C25052C8B0063F4E8 /* Project object */;
}
